{
  "object": {
    "pins": [
      {
        "package": "Gist",
        "repositoryURL": "https://github.com/customerio/gist-apple.git",
        "state": {
          "branch": null,
          "revision": "96db23b50fb1a3196c9f34881419b2612f1e7a01",
          "version": "3.0.3"
        }
      }
    ]
  },
  "version": 1
}
