{
  "object": {
    "pins": [
      {
        "package": "Gist",
        "repositoryURL": "https://gitlab.com/bourbonltd/gist-apple.git",
        "state": {
          "branch": null,
          "revision": "408077c633807dc00fbce263cf513f69ab40a75b",
          "version": "2.2.2"
        }
      }
    ]
  },
  "version": 1
}
