{
  "object": {
    "pins": [
      {
        "package": "Gist",
        "repositoryURL": "https://github.com/customerio/gist-apple.git",
        "state": {
          "branch": null,
          "revision": "ff13f317892c922609d81b40bd39e0fbe16a317c",
          "version": "2.2.4"
        }
      }
    ]
  },
  "version": 1
}
