// !$*UTF8*$!
{
	archiveVersion = 1;
	classes = {
	};
	objectVersion = 56;
	objects = {

/* Begin PBXBuildFile section */
		6023AD372B9137F0001540EF /* AppDelegate.swift in Sources */ = {isa = PBXBuildFile; fileRef = 6023AD362B9137F0001540EF /* AppDelegate.swift */; };
		6066B2632BAFC86F005A4135 /* TrackEventsView.swift in Sources */ = {isa = PBXBuildFile; fileRef = 6066B2622BAFC86F005A4135 /* TrackEventsView.swift */; };
		6066B2652BAFCBEB005A4135 /* ProfileAttributesView.swift in Sources */ = {isa = PBXBuildFile; fileRef = 6066B2642BAFCBEB005A4135 /* ProfileAttributesView.swift */; };
		60B151FB2BAB4AA9003C4726 /* DataPipelines in Frameworks */ = {isa = PBXBuildFile; productRef = 60B151FA2BAB4AA9003C4726 /* DataPipelines */; };
		60C32BEC2BABAD4D006F5DC3 /* ViewModel.swift in Sources */ = {isa = PBXBuildFile; fileRef = 60C32BEB2BABAD4D006F5DC3 /* ViewModel.swift */; };
		60C32BF62BABAFBE006F5DC3 /* LineView.swift in Sources */ = {isa = PBXBuildFile; fileRef = 6023AD4B2B9153EB001540EF /* LineView.swift */; };
		60C32BF72BABAFBE006F5DC3 /* FloatingTitleTextField.swift in Sources */ = {isa = PBXBuildFile; fileRef = 6023AD4A2B9153EB001540EF /* FloatingTitleTextField.swift */; };
		60C32BF82BABAFBE006F5DC3 /* ToastView.swift in Sources */ = {isa = PBXBuildFile; fileRef = 6023AD3A2B913954001540EF /* ToastView.swift */; };
		60C32BF92BABAFBE006F5DC3 /* Logo.swift in Sources */ = {isa = PBXBuildFile; fileRef = 6023AD392B913954001540EF /* Logo.swift */; };
		60C32BFA2BABAFBE006F5DC3 /* PropertiesInputView.swift in Sources */ = {isa = PBXBuildFile; fileRef = 606F2C202B9B79F3004E7318 /* PropertiesInputView.swift */; };
		60C32BFB2BABAFBE006F5DC3 /* MainLayoutView.swift in Sources */ = {isa = PBXBuildFile; fileRef = 6023AD3B2B913954001540EF /* MainLayoutView.swift */; };
		60C32BFD2BABAFFB006F5DC3 /* MarkdownUI in Frameworks */ = {isa = PBXBuildFile; productRef = 60C32BFC2BABAFFB006F5DC3 /* MarkdownUI */; };
		60C32BFF2BABB02E006F5DC3 /* Splash in Frameworks */ = {isa = PBXBuildFile; productRef = 60C32BFE2BABB02E006F5DC3 /* Splash */; };
		60DE3F7B2BAD38C600C6816C /* IdentifyView.swift in Sources */ = {isa = PBXBuildFile; fileRef = 60DE3F7A2BAD38C600C6816C /* IdentifyView.swift */; };
		60DE3F7D2BAD392000C6816C /* CodeSnippetHelper.swift in Sources */ = {isa = PBXBuildFile; fileRef = 60DE3F7C2BAD392000C6816C /* CodeSnippetHelper.swift */; };
		60E792522BACDE72003736F4 /* SDKInitializationView.swift in Sources */ = {isa = PBXBuildFile; fileRef = 60E792512BACDE72003736F4 /* SDKInitializationView.swift */; };
		60F967352B9125D000A4E95E /* VisionOSApp.swift in Sources */ = {isa = PBXBuildFile; fileRef = 60F967342B9125D000A4E95E /* VisionOSApp.swift */; };
		60F967372B9125D000A4E95E /* MainScreen.swift in Sources */ = {isa = PBXBuildFile; fileRef = 60F967362B9125D000A4E95E /* MainScreen.swift */; };
		60F967392B9125D100A4E95E /* Assets.xcassets in Resources */ = {isa = PBXBuildFile; fileRef = 60F967382B9125D100A4E95E /* Assets.xcassets */; };
		60F967532B91288400A4E95E /* AppState.swift in Sources */ = {isa = PBXBuildFile; fileRef = 60F967502B91288400A4E95E /* AppState.swift */; };
		60F967542B91288400A4E95E /* Payloads.swift in Sources */ = {isa = PBXBuildFile; fileRef = 60F967512B91288400A4E95E /* Payloads.swift */; };
		60F967552B91288400A4E95E /* UserDefaultsCodable.swift in Sources */ = {isa = PBXBuildFile; fileRef = 60F967522B91288400A4E95E /* UserDefaultsCodable.swift */; };
		60F9675B2B912C1000A4E95E /* TextOutputFormat.swift in Sources */ = {isa = PBXBuildFile; fileRef = 60F967582B912C1000A4E95E /* TextOutputFormat.swift */; };
		60F9675C2B912C1000A4E95E /* SplashCodeSyntaxHighlighter.swift in Sources */ = {isa = PBXBuildFile; fileRef = 60F967592B912C1000A4E95E /* SplashCodeSyntaxHighlighter.swift */; };
		60F9675D2B912C1000A4E95E /* MarkdownTheme.swift in Sources */ = {isa = PBXBuildFile; fileRef = 60F9675A2B912C1000A4E95E /* MarkdownTheme.swift */; };
/* End PBXBuildFile section */

/* Begin PBXFileReference section */
		6023AD362B9137F0001540EF /* AppDelegate.swift */ = {isa = PBXFileReference; fileEncoding = 4; lastKnownFileType = sourcecode.swift; path = AppDelegate.swift; sourceTree = "<group>"; };
		6023AD392B913954001540EF /* Logo.swift */ = {isa = PBXFileReference; fileEncoding = 4; lastKnownFileType = sourcecode.swift; path = Logo.swift; sourceTree = "<group>"; };
		6023AD3A2B913954001540EF /* ToastView.swift */ = {isa = PBXFileReference; fileEncoding = 4; lastKnownFileType = sourcecode.swift; path = ToastView.swift; sourceTree = "<group>"; };
		6023AD3B2B913954001540EF /* MainLayoutView.swift */ = {isa = PBXFileReference; fileEncoding = 4; lastKnownFileType = sourcecode.swift; path = MainLayoutView.swift; sourceTree = "<group>"; };
		6023AD4A2B9153EB001540EF /* FloatingTitleTextField.swift */ = {isa = PBXFileReference; fileEncoding = 4; lastKnownFileType = sourcecode.swift; path = FloatingTitleTextField.swift; sourceTree = "<group>"; };
		6023AD4B2B9153EB001540EF /* LineView.swift */ = {isa = PBXFileReference; fileEncoding = 4; lastKnownFileType = sourcecode.swift; path = LineView.swift; sourceTree = "<group>"; };
		6066B2622BAFC86F005A4135 /* TrackEventsView.swift */ = {isa = PBXFileReference; fileEncoding = 4; lastKnownFileType = sourcecode.swift; path = TrackEventsView.swift; sourceTree = "<group>"; };
		6066B2642BAFCBEB005A4135 /* ProfileAttributesView.swift */ = {isa = PBXFileReference; lastKnownFileType = sourcecode.swift; path = ProfileAttributesView.swift; sourceTree = "<group>"; };
		606F2C202B9B79F3004E7318 /* PropertiesInputView.swift */ = {isa = PBXFileReference; lastKnownFileType = sourcecode.swift; path = PropertiesInputView.swift; sourceTree = "<group>"; };
		60C32BEB2BABAD4D006F5DC3 /* ViewModel.swift */ = {isa = PBXFileReference; fileEncoding = 4; lastKnownFileType = sourcecode.swift; path = ViewModel.swift; sourceTree = "<group>"; };
		60DE3F7A2BAD38C600C6816C /* IdentifyView.swift */ = {isa = PBXFileReference; fileEncoding = 4; lastKnownFileType = sourcecode.swift; path = IdentifyView.swift; sourceTree = "<group>"; };
		60DE3F7C2BAD392000C6816C /* CodeSnippetHelper.swift */ = {isa = PBXFileReference; fileEncoding = 4; lastKnownFileType = sourcecode.swift; path = CodeSnippetHelper.swift; sourceTree = "<group>"; };
		60E792512BACDE72003736F4 /* SDKInitializationView.swift */ = {isa = PBXFileReference; fileEncoding = 4; lastKnownFileType = sourcecode.swift; path = SDKInitializationView.swift; sourceTree = "<group>"; };
		60F9672D2B9125D000A4E95E /* VisionOS.app */ = {isa = PBXFileReference; explicitFileType = wrapper.application; includeInIndex = 0; path = VisionOS.app; sourceTree = BUILT_PRODUCTS_DIR; };
		60F967342B9125D000A4E95E /* VisionOSApp.swift */ = {isa = PBXFileReference; lastKnownFileType = sourcecode.swift; path = VisionOSApp.swift; sourceTree = "<group>"; };
		60F967362B9125D000A4E95E /* MainScreen.swift */ = {isa = PBXFileReference; lastKnownFileType = sourcecode.swift; path = MainScreen.swift; sourceTree = "<group>"; };
		60F967382B9125D100A4E95E /* Assets.xcassets */ = {isa = PBXFileReference; lastKnownFileType = folder.assetcatalog; path = Assets.xcassets; sourceTree = "<group>"; };
		60F9673D2B9125D100A4E95E /* Info.plist */ = {isa = PBXFileReference; lastKnownFileType = text.plist.xml; path = Info.plist; sourceTree = "<group>"; };
		60F9674B2B91267200A4E95E /* customerio-ios */ = {isa = PBXFileReference; lastKnownFileType = wrapper; name = "customerio-ios"; path = ../../..; sourceTree = "<group>"; };
		60F967502B91288400A4E95E /* AppState.swift */ = {isa = PBXFileReference; fileEncoding = 4; lastKnownFileType = sourcecode.swift; path = AppState.swift; sourceTree = "<group>"; };
		60F967512B91288400A4E95E /* Payloads.swift */ = {isa = PBXFileReference; fileEncoding = 4; lastKnownFileType = sourcecode.swift; path = Payloads.swift; sourceTree = "<group>"; };
		60F967522B91288400A4E95E /* UserDefaultsCodable.swift */ = {isa = PBXFileReference; fileEncoding = 4; lastKnownFileType = sourcecode.swift; path = UserDefaultsCodable.swift; sourceTree = "<group>"; };
		60F967582B912C1000A4E95E /* TextOutputFormat.swift */ = {isa = PBXFileReference; fileEncoding = 4; lastKnownFileType = sourcecode.swift; path = TextOutputFormat.swift; sourceTree = "<group>"; };
		60F967592B912C1000A4E95E /* SplashCodeSyntaxHighlighter.swift */ = {isa = PBXFileReference; fileEncoding = 4; lastKnownFileType = sourcecode.swift; path = SplashCodeSyntaxHighlighter.swift; sourceTree = "<group>"; };
		60F9675A2B912C1000A4E95E /* MarkdownTheme.swift */ = {isa = PBXFileReference; fileEncoding = 4; lastKnownFileType = sourcecode.swift; path = MarkdownTheme.swift; sourceTree = "<group>"; };
/* End PBXFileReference section */

/* Begin PBXFrameworksBuildPhase section */
		60F9672A2B9125D000A4E95E /* Frameworks */ = {
			isa = PBXFrameworksBuildPhase;
			buildActionMask = 2147483647;
			files = (
				60B151FB2BAB4AA9003C4726 /* DataPipelines in Frameworks */,
				60C32BFD2BABAFFB006F5DC3 /* MarkdownUI in Frameworks */,
				60C32BFF2BABB02E006F5DC3 /* Splash in Frameworks */,
			);
			runOnlyForDeploymentPostprocessing = 0;
		};
/* End PBXFrameworksBuildPhase section */

/* Begin PBXGroup section */
		6023AD382B913954001540EF /* CommonViews */ = {
			isa = PBXGroup;
			children = (
				6023AD3B2B913954001540EF /* MainLayoutView.swift */,
				6023AD392B913954001540EF /* Logo.swift */,
				6023AD3A2B913954001540EF /* ToastView.swift */,
				6023AD4A2B9153EB001540EF /* FloatingTitleTextField.swift */,
				6023AD4B2B9153EB001540EF /* LineView.swift */,
				606F2C202B9B79F3004E7318 /* PropertiesInputView.swift */,
			);
			path = CommonViews;
			sourceTree = "<group>";
		};
		60E792502BACDE36003736F4 /* APIViews */ = {
			isa = PBXGroup;
			children = (
				60E792512BACDE72003736F4 /* SDKInitializationView.swift */,
				60DE3F7A2BAD38C600C6816C /* IdentifyView.swift */,
				6066B2622BAFC86F005A4135 /* TrackEventsView.swift */,
				6066B2642BAFCBEB005A4135 /* ProfileAttributesView.swift */,
			);
			path = APIViews;
			sourceTree = "<group>";
		};
		60F967242B9125D000A4E95E = {
			isa = PBXGroup;
			children = (
				60F9672F2B9125D000A4E95E /* VisionOS */,
				60F967302B9125D000A4E95E /* Packages */,
				60F9672E2B9125D000A4E95E /* Products */,
				60F9674C2B91269D00A4E95E /* Frameworks */,
			);
			sourceTree = "<group>";
		};
		60F9672E2B9125D000A4E95E /* Products */ = {
			isa = PBXGroup;
			children = (
				60F9672D2B9125D000A4E95E /* VisionOS.app */,
			);
			name = Products;
			sourceTree = "<group>";
		};
		60F9672F2B9125D000A4E95E /* VisionOS */ = {
			isa = PBXGroup;
			children = (
				60F9674F2B91288400A4E95E /* Storage */,
				60F967562B912C1000A4E95E /* ViewUtils */,
				6023AD382B913954001540EF /* CommonViews */,
				60E792502BACDE36003736F4 /* APIViews */,
				60F967342B9125D000A4E95E /* VisionOSApp.swift */,
				6023AD362B9137F0001540EF /* AppDelegate.swift */,
				60F967362B9125D000A4E95E /* MainScreen.swift */,
				60C32BEB2BABAD4D006F5DC3 /* ViewModel.swift */,
				60F967382B9125D100A4E95E /* Assets.xcassets */,
				60F9673D2B9125D100A4E95E /* Info.plist */,
			);
			path = VisionOS;
			sourceTree = "<group>";
		};
		60F967302B9125D000A4E95E /* Packages */ = {
			isa = PBXGroup;
			children = (
				60F9674B2B91267200A4E95E /* customerio-ios */,
			);
			path = Packages;
			sourceTree = "<group>";
		};
		60F9674C2B91269D00A4E95E /* Frameworks */ = {
			isa = PBXGroup;
			children = (
			);
			name = Frameworks;
			sourceTree = "<group>";
		};
		60F9674F2B91288400A4E95E /* Storage */ = {
			isa = PBXGroup;
			children = (
				60F967502B91288400A4E95E /* AppState.swift */,
				60F967512B91288400A4E95E /* Payloads.swift */,
				60F967522B91288400A4E95E /* UserDefaultsCodable.swift */,
			);
			path = Storage;
			sourceTree = "<group>";
		};
		60F967562B912C1000A4E95E /* ViewUtils */ = {
			isa = PBXGroup;
			children = (
				60F967572B912C1000A4E95E /* SyntaxHighlighting */,
				60DE3F7C2BAD392000C6816C /* CodeSnippetHelper.swift */,
				60F9675A2B912C1000A4E95E /* MarkdownTheme.swift */,
			);
			path = ViewUtils;
			sourceTree = "<group>";
		};
		60F967572B912C1000A4E95E /* SyntaxHighlighting */ = {
			isa = PBXGroup;
			children = (
				60F967582B912C1000A4E95E /* TextOutputFormat.swift */,
				60F967592B912C1000A4E95E /* SplashCodeSyntaxHighlighter.swift */,
			);
			path = SyntaxHighlighting;
			sourceTree = "<group>";
		};
/* End PBXGroup section */

/* Begin PBXNativeTarget section */
		60F9672C2B9125D000A4E95E /* VisionOS */ = {
			isa = PBXNativeTarget;
			buildConfigurationList = 60F967402B9125D100A4E95E /* Build configuration list for PBXNativeTarget "VisionOS" */;
			buildPhases = (
				60F967292B9125D000A4E95E /* Sources */,
				60F9672A2B9125D000A4E95E /* Frameworks */,
				60F9672B2B9125D000A4E95E /* Resources */,
			);
			buildRules = (
			);
			dependencies = (
			);
			name = VisionOS;
			packageProductDependencies = (
				60B151FA2BAB4AA9003C4726 /* DataPipelines */,
				60C32BFC2BABAFFB006F5DC3 /* MarkdownUI */,
				60C32BFE2BABB02E006F5DC3 /* Splash */,
			);
			productName = VisionOS;
			productReference = 60F9672D2B9125D000A4E95E /* VisionOS.app */;
			productType = "com.apple.product-type.application";
		};
/* End PBXNativeTarget section */

/* Begin PBXProject section */
		60F967252B9125D000A4E95E /* Project object */ = {
			isa = PBXProject;
			attributes = {
				BuildIndependentTargetsInParallel = 1;
				LastSwiftUpdateCheck = 1520;
				LastUpgradeCheck = 1520;
				TargetAttributes = {
					60F9672C2B9125D000A4E95E = {
						CreatedOnToolsVersion = 15.2;
					};
				};
			};
			buildConfigurationList = 60F967282B9125D000A4E95E /* Build configuration list for PBXProject "VisionOS" */;
			compatibilityVersion = "Xcode 14.0";
			developmentRegion = en;
			hasScannedForEncodings = 0;
			knownRegions = (
				en,
				Base,
			);
			mainGroup = 60F967242B9125D000A4E95E;
			packageReferences = (
				60F967452B91264B00A4E95E /* XCRemoteSwiftPackageReference "Splash" */,
				60F967482B91265B00A4E95E /* XCRemoteSwiftPackageReference "swift-markdown-ui" */,
			);
			productRefGroup = 60F9672E2B9125D000A4E95E /* Products */;
			projectDirPath = "";
			projectRoot = "";
			targets = (
				60F9672C2B9125D000A4E95E /* VisionOS */,
			);
		};
/* End PBXProject section */

/* Begin PBXResourcesBuildPhase section */
		60F9672B2B9125D000A4E95E /* Resources */ = {
			isa = PBXResourcesBuildPhase;
			buildActionMask = 2147483647;
			files = (
				60F967392B9125D100A4E95E /* Assets.xcassets in Resources */,
			);
			runOnlyForDeploymentPostprocessing = 0;
		};
/* End PBXResourcesBuildPhase section */

/* Begin PBXSourcesBuildPhase section */
		60F967292B9125D000A4E95E /* Sources */ = {
			isa = PBXSourcesBuildPhase;
			buildActionMask = 2147483647;
			files = (
				6023AD372B9137F0001540EF /* AppDelegate.swift in Sources */,
				6066B2632BAFC86F005A4135 /* TrackEventsView.swift in Sources */,
				60F9675C2B912C1000A4E95E /* SplashCodeSyntaxHighlighter.swift in Sources */,
				60C32BEC2BABAD4D006F5DC3 /* ViewModel.swift in Sources */,
				60C32BF62BABAFBE006F5DC3 /* LineView.swift in Sources */,
				60C32BF72BABAFBE006F5DC3 /* FloatingTitleTextField.swift in Sources */,
				60C32BF82BABAFBE006F5DC3 /* ToastView.swift in Sources */,
				60DE3F7B2BAD38C600C6816C /* IdentifyView.swift in Sources */,
				60C32BF92BABAFBE006F5DC3 /* Logo.swift in Sources */,
				60C32BFA2BABAFBE006F5DC3 /* PropertiesInputView.swift in Sources */,
				60C32BFB2BABAFBE006F5DC3 /* MainLayoutView.swift in Sources */,
				60F967542B91288400A4E95E /* Payloads.swift in Sources */,
				60DE3F7D2BAD392000C6816C /* CodeSnippetHelper.swift in Sources */,
				6066B2652BAFCBEB005A4135 /* ProfileAttributesView.swift in Sources */,
				60F967372B9125D000A4E95E /* MainScreen.swift in Sources */,
				60F9675B2B912C1000A4E95E /* TextOutputFormat.swift in Sources */,
				60F9675D2B912C1000A4E95E /* MarkdownTheme.swift in Sources */,
				60F967352B9125D000A4E95E /* VisionOSApp.swift in Sources */,
				60F967532B91288400A4E95E /* AppState.swift in Sources */,
				60E792522BACDE72003736F4 /* SDKInitializationView.swift in Sources */,
				60F967552B91288400A4E95E /* UserDefaultsCodable.swift in Sources */,
			);
			runOnlyForDeploymentPostprocessing = 0;
		};
/* End PBXSourcesBuildPhase section */

/* Begin XCBuildConfiguration section */
		60F9673E2B9125D100A4E95E /* Debug */ = {
			isa = XCBuildConfiguration;
			buildSettings = {
				ALWAYS_SEARCH_USER_PATHS = NO;
				ASSETCATALOG_COMPILER_GENERATE_SWIFT_ASSET_SYMBOL_EXTENSIONS = YES;
				CLANG_ANALYZER_NONNULL = YES;
				CLANG_ANALYZER_NUMBER_OBJECT_CONVERSION = YES_AGGRESSIVE;
				CLANG_CXX_LANGUAGE_STANDARD = "gnu++20";
				CLANG_ENABLE_MODULES = YES;
				CLANG_ENABLE_OBJC_ARC = YES;
				CLANG_ENABLE_OBJC_WEAK = YES;
				CLANG_WARN_BLOCK_CAPTURE_AUTORELEASING = YES;
				CLANG_WARN_BOOL_CONVERSION = YES;
				CLANG_WARN_COMMA = YES;
				CLANG_WARN_CONSTANT_CONVERSION = YES;
				CLANG_WARN_DEPRECATED_OBJC_IMPLEMENTATIONS = YES;
				CLANG_WARN_DIRECT_OBJC_ISA_USAGE = YES_ERROR;
				CLANG_WARN_DOCUMENTATION_COMMENTS = YES;
				CLANG_WARN_EMPTY_BODY = YES;
				CLANG_WARN_ENUM_CONVERSION = YES;
				CLANG_WARN_INFINITE_RECURSION = YES;
				CLANG_WARN_INT_CONVERSION = YES;
				CLANG_WARN_NON_LITERAL_NULL_CONVERSION = YES;
				CLANG_WARN_OBJC_IMPLICIT_RETAIN_SELF = YES;
				CLANG_WARN_OBJC_LITERAL_CONVERSION = YES;
				CLANG_WARN_OBJC_ROOT_CLASS = YES_ERROR;
				CLANG_WARN_QUOTED_INCLUDE_IN_FRAMEWORK_HEADER = YES;
				CLANG_WARN_RANGE_LOOP_ANALYSIS = YES;
				CLANG_WARN_STRICT_PROTOTYPES = YES;
				CLANG_WARN_SUSPICIOUS_MOVE = YES;
				CLANG_WARN_UNGUARDED_AVAILABILITY = YES_AGGRESSIVE;
				CLANG_WARN_UNREACHABLE_CODE = YES;
				CLANG_WARN__DUPLICATE_METHOD_MATCH = YES;
				COPY_PHASE_STRIP = NO;
				DEBUG_INFORMATION_FORMAT = dwarf;
				ENABLE_STRICT_OBJC_MSGSEND = YES;
				ENABLE_TESTABILITY = YES;
				ENABLE_USER_SCRIPT_SANDBOXING = YES;
				GCC_C_LANGUAGE_STANDARD = gnu17;
				GCC_DYNAMIC_NO_PIC = NO;
				GCC_NO_COMMON_BLOCKS = YES;
				GCC_OPTIMIZATION_LEVEL = 0;
				GCC_PREPROCESSOR_DEFINITIONS = (
					"DEBUG=1",
					"$(inherited)",
				);
				GCC_WARN_64_TO_32_BIT_CONVERSION = YES;
				GCC_WARN_ABOUT_RETURN_TYPE = YES_ERROR;
				GCC_WARN_UNDECLARED_SELECTOR = YES;
				GCC_WARN_UNINITIALIZED_AUTOS = YES_AGGRESSIVE;
				GCC_WARN_UNUSED_FUNCTION = YES;
				GCC_WARN_UNUSED_VARIABLE = YES;
				LOCALIZATION_PREFERS_STRING_CATALOGS = YES;
				MTL_ENABLE_DEBUG_INFO = INCLUDE_SOURCE;
				MTL_FAST_MATH = YES;
				ONLY_ACTIVE_ARCH = YES;
				SDKROOT = xros;
				SWIFT_ACTIVE_COMPILATION_CONDITIONS = "DEBUG $(inherited)";
				SWIFT_OPTIMIZATION_LEVEL = "-Onone";
				XROS_DEPLOYMENT_TARGET = 1.0;
			};
			name = Debug;
		};
		60F9673F2B9125D100A4E95E /* Release */ = {
			isa = XCBuildConfiguration;
			buildSettings = {
				ALWAYS_SEARCH_USER_PATHS = NO;
				ASSETCATALOG_COMPILER_GENERATE_SWIFT_ASSET_SYMBOL_EXTENSIONS = YES;
				CLANG_ANALYZER_NONNULL = YES;
				CLANG_ANALYZER_NUMBER_OBJECT_CONVERSION = YES_AGGRESSIVE;
				CLANG_CXX_LANGUAGE_STANDARD = "gnu++20";
				CLANG_ENABLE_MODULES = YES;
				CLANG_ENABLE_OBJC_ARC = YES;
				CLANG_ENABLE_OBJC_WEAK = YES;
				CLANG_WARN_BLOCK_CAPTURE_AUTORELEASING = YES;
				CLANG_WARN_BOOL_CONVERSION = YES;
				CLANG_WARN_COMMA = YES;
				CLANG_WARN_CONSTANT_CONVERSION = YES;
				CLANG_WARN_DEPRECATED_OBJC_IMPLEMENTATIONS = YES;
				CLANG_WARN_DIRECT_OBJC_ISA_USAGE = YES_ERROR;
				CLANG_WARN_DOCUMENTATION_COMMENTS = YES;
				CLANG_WARN_EMPTY_BODY = YES;
				CLANG_WARN_ENUM_CONVERSION = YES;
				CLANG_WARN_INFINITE_RECURSION = YES;
				CLANG_WARN_INT_CONVERSION = YES;
				CLANG_WARN_NON_LITERAL_NULL_CONVERSION = YES;
				CLANG_WARN_OBJC_IMPLICIT_RETAIN_SELF = YES;
				CLANG_WARN_OBJC_LITERAL_CONVERSION = YES;
				CLANG_WARN_OBJC_ROOT_CLASS = YES_ERROR;
				CLANG_WARN_QUOTED_INCLUDE_IN_FRAMEWORK_HEADER = YES;
				CLANG_WARN_RANGE_LOOP_ANALYSIS = YES;
				CLANG_WARN_STRICT_PROTOTYPES = YES;
				CLANG_WARN_SUSPICIOUS_MOVE = YES;
				CLANG_WARN_UNGUARDED_AVAILABILITY = YES_AGGRESSIVE;
				CLANG_WARN_UNREACHABLE_CODE = YES;
				CLANG_WARN__DUPLICATE_METHOD_MATCH = YES;
				COPY_PHASE_STRIP = NO;
				DEBUG_INFORMATION_FORMAT = "dwarf-with-dsym";
				ENABLE_NS_ASSERTIONS = NO;
				ENABLE_STRICT_OBJC_MSGSEND = YES;
				ENABLE_USER_SCRIPT_SANDBOXING = YES;
				GCC_C_LANGUAGE_STANDARD = gnu17;
				GCC_NO_COMMON_BLOCKS = YES;
				GCC_WARN_64_TO_32_BIT_CONVERSION = YES;
				GCC_WARN_ABOUT_RETURN_TYPE = YES_ERROR;
				GCC_WARN_UNDECLARED_SELECTOR = YES;
				GCC_WARN_UNINITIALIZED_AUTOS = YES_AGGRESSIVE;
				GCC_WARN_UNUSED_FUNCTION = YES;
				GCC_WARN_UNUSED_VARIABLE = YES;
				LOCALIZATION_PREFERS_STRING_CATALOGS = YES;
				MTL_ENABLE_DEBUG_INFO = NO;
				MTL_FAST_MATH = YES;
				SDKROOT = xros;
				SWIFT_COMPILATION_MODE = wholemodule;
				VALIDATE_PRODUCT = YES;
				XROS_DEPLOYMENT_TARGET = 1.0;
			};
			name = Release;
		};
		60F967412B9125D100A4E95E /* Debug */ = {
			isa = XCBuildConfiguration;
			buildSettings = {
				ASSETCATALOG_COMPILER_APPICON_NAME = AppIcon;
				ASSETCATALOG_COMPILER_GLOBAL_ACCENT_COLOR_NAME = AccentColor;
				CODE_SIGN_STYLE = Automatic;
				CURRENT_PROJECT_VERSION = 1;
				DEVELOPMENT_ASSET_PATHS = "\"VisionOS/Preview Content\"";
				DEVELOPMENT_TEAM = 2YC97BQN3N;
				ENABLE_PREVIEWS = YES;
				GENERATE_INFOPLIST_FILE = YES;
				INFOPLIST_FILE = "$(TARGET_NAME)/Info.plist";
				LD_RUNPATH_SEARCH_PATHS = (
					"$(inherited)",
					"@executable_path/Frameworks",
				);
				MARKETING_VERSION = 1.0;
				PRODUCT_BUNDLE_IDENTIFIER = "io.customer.visionos-sample-app.VisionOS";
				PRODUCT_NAME = "$(TARGET_NAME)";
				SUPPORTED_PLATFORMS = "xros xrsimulator";
				SWIFT_EMIT_LOC_STRINGS = YES;
				SWIFT_VERSION = 5.0;
				TARGETED_DEVICE_FAMILY = "1,2,7";
			};
			name = Debug;
		};
		60F967422B9125D100A4E95E /* Release */ = {
			isa = XCBuildConfiguration;
			buildSettings = {
				ASSETCATALOG_COMPILER_APPICON_NAME = AppIcon;
				ASSETCATALOG_COMPILER_GLOBAL_ACCENT_COLOR_NAME = AccentColor;
				CODE_SIGN_STYLE = Automatic;
				CURRENT_PROJECT_VERSION = 1;
				DEVELOPMENT_ASSET_PATHS = "\"VisionOS/Preview Content\"";
				DEVELOPMENT_TEAM = 2YC97BQN3N;
				ENABLE_PREVIEWS = YES;
				GENERATE_INFOPLIST_FILE = YES;
				INFOPLIST_FILE = "$(TARGET_NAME)/Info.plist";
				LD_RUNPATH_SEARCH_PATHS = (
					"$(inherited)",
					"@executable_path/Frameworks",
				);
				MARKETING_VERSION = 1.0;
				PRODUCT_BUNDLE_IDENTIFIER = "io.customer.visionos-sample-app.VisionOS";
				PRODUCT_NAME = "$(TARGET_NAME)";
				SUPPORTED_PLATFORMS = "xros xrsimulator";
				SWIFT_EMIT_LOC_STRINGS = YES;
				SWIFT_VERSION = 5.0;
				TARGETED_DEVICE_FAMILY = "1,2,7";
			};
			name = Release;
		};
/* End XCBuildConfiguration section */

/* Begin XCConfigurationList section */
		60F967282B9125D000A4E95E /* Build configuration list for PBXProject "VisionOS" */ = {
			isa = XCConfigurationList;
			buildConfigurations = (
				60F9673E2B9125D100A4E95E /* Debug */,
				60F9673F2B9125D100A4E95E /* Release */,
			);
			defaultConfigurationIsVisible = 0;
			defaultConfigurationName = Release;
		};
		60F967402B9125D100A4E95E /* Build configuration list for PBXNativeTarget "VisionOS" */ = {
			isa = XCConfigurationList;
			buildConfigurations = (
				60F967412B9125D100A4E95E /* Debug */,
				60F967422B9125D100A4E95E /* Release */,
			);
			defaultConfigurationIsVisible = 0;
			defaultConfigurationName = Release;
		};
/* End XCConfigurationList section */

/* Begin XCRemoteSwiftPackageReference section */
		60F967452B91264B00A4E95E /* XCRemoteSwiftPackageReference "Splash" */ = {
			isa = XCRemoteSwiftPackageReference;
			repositoryURL = "https://github.com/Ahmed-Ali/Splash";
			requirement = {
				kind = upToNextMajorVersion;
				minimumVersion = 0.17.0;
			};
		};
		60F967482B91265B00A4E95E /* XCRemoteSwiftPackageReference "swift-markdown-ui" */ = {
			isa = XCRemoteSwiftPackageReference;
			repositoryURL = "https://github.com/gonzalezreal/swift-markdown-ui";
			requirement = {
				kind = upToNextMajorVersion;
				minimumVersion = 2.3.0;
			};
		};
/* End XCRemoteSwiftPackageReference section */

/* Begin XCSwiftPackageProductDependency section */
		60B151FA2BAB4AA9003C4726 /* DataPipelines */ = {
			isa = XCSwiftPackageProductDependency;
			productName = DataPipelines;
		};
		60C32BFC2BABAFFB006F5DC3 /* MarkdownUI */ = {
			isa = XCSwiftPackageProductDependency;
			package = 60F967482B91265B00A4E95E /* XCRemoteSwiftPackageReference "swift-markdown-ui" */;
			productName = MarkdownUI;
		};
		60C32BFE2BABB02E006F5DC3 /* Splash */ = {
			isa = XCSwiftPackageProductDependency;
			package = 60F967452B91264B00A4E95E /* XCRemoteSwiftPackageReference "Splash" */;
			productName = Splash;
		};
/* End XCSwiftPackageProductDependency section */
	};
	rootObject = 60F967252B9125D000A4E95E /* Project object */;
}
