// !$*UTF8*$!
{
	archiveVersion = 1;
	classes = {
	};
	objectVersion = 56;
	objects = {

/* Begin PBXBuildFile section */
		4650330229F68FEB001B6552 /* NotificationService.swift in Sources */ = {isa = PBXBuildFile; fileRef = 4650330129F68FEB001B6552 /* NotificationService.swift */; };
		4650330629F68FEB001B6552 /* NotificationServiceExtension.appex in Embed Foundation Extensions */ = {isa = PBXBuildFile; fileRef = 465032FF29F68FEB001B6552 /* NotificationServiceExtension.appex */; settings = {ATTRIBUTES = (RemoveHeadersOnCopy, ); }; };
		4650330D29F69374001B6552 /* MessagingPushAPN in Frameworks */ = {isa = PBXBuildFile; productRef = 4650330C29F69374001B6552 /* MessagingPushAPN */; };
		4650330F29F69374001B6552 /* Tracking in Frameworks */ = {isa = PBXBuildFile; productRef = 4650330E29F69374001B6552 /* Tracking */; };
		4650331129F696B8001B6552 /* DeepLinkViewController.swift in Sources */ = {isa = PBXBuildFile; fileRef = 4650331029F696B8001B6552 /* DeepLinkViewController.swift */; };
		4650331329F69845001B6552 /* DeepLinksHandlerUtil.swift in Sources */ = {isa = PBXBuildFile; fileRef = 4650331229F69845001B6552 /* DeepLinksHandlerUtil.swift */; };
		46D5D98129E459D600EAF40B /* AppDelegate.swift in Sources */ = {isa = PBXBuildFile; fileRef = 46D5D98029E459D600EAF40B /* AppDelegate.swift */; };
		46D5D98329E459D600EAF40B /* SceneDelegate.swift in Sources */ = {isa = PBXBuildFile; fileRef = 46D5D98229E459D600EAF40B /* SceneDelegate.swift */; };
		46D5D98529E459D600EAF40B /* ViewController.swift in Sources */ = {isa = PBXBuildFile; fileRef = 46D5D98429E459D600EAF40B /* ViewController.swift */; };
		46D5D98829E459D600EAF40B /* Main.storyboard in Resources */ = {isa = PBXBuildFile; fileRef = 46D5D98629E459D600EAF40B /* Main.storyboard */; };
		46D5D98A29E459D800EAF40B /* Assets.xcassets in Resources */ = {isa = PBXBuildFile; fileRef = 46D5D98929E459D800EAF40B /* Assets.xcassets */; };
		46D5D98D29E459D800EAF40B /* LaunchScreen.storyboard in Resources */ = {isa = PBXBuildFile; fileRef = 46D5D98B29E459D800EAF40B /* LaunchScreen.storyboard */; };
		46D5D99829E459D800EAF40B /* APN_UIKitTests.swift in Sources */ = {isa = PBXBuildFile; fileRef = 46D5D99729E459D800EAF40B /* APN_UIKitTests.swift */; };
		46D5D9A229E459D800EAF40B /* APN_UIKitUITests.swift in Sources */ = {isa = PBXBuildFile; fileRef = 46D5D9A129E459D800EAF40B /* APN_UIKitUITests.swift */; };
		46D5D9A429E459D800EAF40B /* APN_UIKitUITestsLaunchTests.swift in Sources */ = {isa = PBXBuildFile; fileRef = 46D5D9A329E459D800EAF40B /* APN_UIKitUITestsLaunchTests.swift */; };
		46D5D9B229E56E0E00EAF40B /* LoginViewController.swift in Sources */ = {isa = PBXBuildFile; fileRef = 46D5D9B129E56E0E00EAF40B /* LoginViewController.swift */; };
		46D5D9B529E5710E00EAF40B /* ThemeButton.swift in Sources */ = {isa = PBXBuildFile; fileRef = 46D5D9B429E5710E00EAF40B /* ThemeButton.swift */; };
		46D5D9B729E5792C00EAF40B /* ThemeTextField.swift in Sources */ = {isa = PBXBuildFile; fileRef = 46D5D9B629E5792C00EAF40B /* ThemeTextField.swift */; };
		46D5D9BA29E5889F00EAF40B /* TextFieldExtension.swift in Sources */ = {isa = PBXBuildFile; fileRef = 46D5D9B929E5889F00EAF40B /* TextFieldExtension.swift */; };
		46D5D9BC29E58D2000EAF40B /* StoryboardExtension.swift in Sources */ = {isa = PBXBuildFile; fileRef = 46D5D9BB29E58D2000EAF40B /* StoryboardExtension.swift */; };
		46D5D9BF29E58DE700EAF40B /* LoginRouter.swift in Sources */ = {isa = PBXBuildFile; fileRef = 46D5D9BE29E58DE700EAF40B /* LoginRouter.swift */; };
		46D5D9C129E58EB600EAF40B /* DashboardViewController.swift in Sources */ = {isa = PBXBuildFile; fileRef = 46D5D9C029E58EB600EAF40B /* DashboardViewController.swift */; };
		46D5D9C329E590CE00EAF40B /* DashboardRouter.swift in Sources */ = {isa = PBXBuildFile; fileRef = 46D5D9C229E590CE00EAF40B /* DashboardRouter.swift */; };
		46D5D9C529E596F300EAF40B /* ViewControllerExtension.swift in Sources */ = {isa = PBXBuildFile; fileRef = 46D5D9C429E596F300EAF40B /* ViewControllerExtension.swift */; };
		46D5D9C729E59A5E00EAF40B /* CustomDataViewController.swift in Sources */ = {isa = PBXBuildFile; fileRef = 46D5D9C629E59A5E00EAF40B /* CustomDataViewController.swift */; };
		46D5D9CC29E830AD00EAF40B /* SettingsViewController.swift in Sources */ = {isa = PBXBuildFile; fileRef = 46D5D9CB29E830AD00EAF40B /* SettingsViewController.swift */; };
		46EE274D29E9CBCE0068F9A3 /* SettingsRouter.swift in Sources */ = {isa = PBXBuildFile; fileRef = 46EE274C29E9CBCE0068F9A3 /* SettingsRouter.swift */; };
		46EE275529E9E2960068F9A3 /* MessagingInApp in Frameworks */ = {isa = PBXBuildFile; productRef = 46EE275429E9E2960068F9A3 /* MessagingInApp */; };
		46EE275729E9E2960068F9A3 /* MessagingPushAPN in Frameworks */ = {isa = PBXBuildFile; productRef = 46EE275629E9E2960068F9A3 /* MessagingPushAPN */; };
		46EE275B29E9E2960068F9A3 /* Tracking in Frameworks */ = {isa = PBXBuildFile; productRef = 46EE275A29E9E2960068F9A3 /* Tracking */; };
		46EE275D29E9ECE60068F9A3 /* StringExtension.swift in Sources */ = {isa = PBXBuildFile; fileRef = 46EE275C29E9ECE60068F9A3 /* StringExtension.swift */; };
		46EE276029E9F1BD0068F9A3 /* Storage.swift in Sources */ = {isa = PBXBuildFile; fileRef = 46EE275F29E9F1BD0068F9A3 /* Storage.swift */; };
		46EE276229ED679D0068F9A3 /* UserDefaultKeys.swift in Sources */ = {isa = PBXBuildFile; fileRef = 46EE276129ED679D0068F9A3 /* UserDefaultKeys.swift */; };
		46EE277229ED722E0068F9A3 /* AutoLenses.generated.swift in Sources */ = {isa = PBXBuildFile; fileRef = 46EE276F29ED722E0068F9A3 /* AutoLenses.generated.swift */; };
		46EE277329ED722E0068F9A3 /* AutoDependencyInjection.generated.swift in Sources */ = {isa = PBXBuildFile; fileRef = 46EE277029ED722E0068F9A3 /* AutoDependencyInjection.generated.swift */; };
		46EE277429ED722E0068F9A3 /* AutoMockable.generated.swift in Sources */ = {isa = PBXBuildFile; fileRef = 46EE277129ED722E0068F9A3 /* AutoMockable.generated.swift */; };
		46EE277629ED802D0068F9A3 /* DIDependencies.swift in Sources */ = {isa = PBXBuildFile; fileRef = 46EE277529ED802D0068F9A3 /* DIDependencies.swift */; };
		46EE277929ED833D0068F9A3 /* Settings.swift in Sources */ = {isa = PBXBuildFile; fileRef = 46EE277829ED833D0068F9A3 /* Settings.swift */; };
		46EE278429EEEDF30068F9A3 /* NotificationUtil.swift in Sources */ = {isa = PBXBuildFile; fileRef = 46EE278329EEEDF30068F9A3 /* NotificationUtil.swift */; };
		46EE278629F01F9C0068F9A3 /* ImageViewExtension.swift in Sources */ = {isa = PBXBuildFile; fileRef = 46EE278529F01F9B0068F9A3 /* ImageViewExtension.swift */; };
		9443F22C2A66CD650019E744 /* MetadataUtil.swift in Sources */ = {isa = PBXBuildFile; fileRef = 9443F22B2A66CD650019E744 /* MetadataUtil.swift */; };
		94AF7C9F2A44BE9B004880BD /* BaseViewController.swift in Sources */ = {isa = PBXBuildFile; fileRef = 94AF7C9E2A44BE9B004880BD /* BaseViewController.swift */; };
		94C5C26C2A718E970066A072 /* DateExtension.swift in Sources */ = {isa = PBXBuildFile; fileRef = 94C5C26B2A718E970066A072 /* DateExtension.swift */; };
		F74F41F92A168316000D61B9 /* BuildEnvironment.swift in Sources */ = {isa = PBXBuildFile; fileRef = F74F41F82A168316000D61B9 /* BuildEnvironment.swift */; };
		F74F41FA2A168316000D61B9 /* BuildEnvironment.swift in Sources */ = {isa = PBXBuildFile; fileRef = F74F41F82A168316000D61B9 /* BuildEnvironment.swift */; };
		F7820EAA2A15631000B346A9 /* DIGraph.swift in Sources */ = {isa = PBXBuildFile; fileRef = F7820EA92A15631000B346A9 /* DIGraph.swift */; };
		F78934242A168E09005D3DF7 /* GoogleService-Info.plist in Resources */ = {isa = PBXBuildFile; fileRef = F78934232A168E08005D3DF7 /* GoogleService-Info.plist */; };
/* End PBXBuildFile section */

/* Begin PBXContainerItemProxy section */
		4650330429F68FEB001B6552 /* PBXContainerItemProxy */ = {
			isa = PBXContainerItemProxy;
			containerPortal = 46D5D97529E459D600EAF40B /* Project object */;
			proxyType = 1;
			remoteGlobalIDString = 465032FE29F68FEB001B6552;
			remoteInfo = NotificationServiceExtension;
		};
		46D5D99429E459D800EAF40B /* PBXContainerItemProxy */ = {
			isa = PBXContainerItemProxy;
			containerPortal = 46D5D97529E459D600EAF40B /* Project object */;
			proxyType = 1;
			remoteGlobalIDString = 46D5D97C29E459D600EAF40B;
			remoteInfo = "APN UIKit";
		};
		46D5D99E29E459D800EAF40B /* PBXContainerItemProxy */ = {
			isa = PBXContainerItemProxy;
			containerPortal = 46D5D97529E459D600EAF40B /* Project object */;
			proxyType = 1;
			remoteGlobalIDString = 46D5D97C29E459D600EAF40B;
			remoteInfo = "APN UIKit";
		};
/* End PBXContainerItemProxy section */

/* Begin PBXCopyFilesBuildPhase section */
		4650330729F68FEB001B6552 /* Embed Foundation Extensions */ = {
			isa = PBXCopyFilesBuildPhase;
			buildActionMask = 2147483647;
			dstPath = "";
			dstSubfolderSpec = 13;
			files = (
				4650330629F68FEB001B6552 /* NotificationServiceExtension.appex in Embed Foundation Extensions */,
			);
			name = "Embed Foundation Extensions";
			runOnlyForDeploymentPostprocessing = 0;
		};
/* End PBXCopyFilesBuildPhase section */

/* Begin PBXFileReference section */
		465032FF29F68FEB001B6552 /* NotificationServiceExtension.appex */ = {isa = PBXFileReference; explicitFileType = "wrapper.app-extension"; includeInIndex = 0; path = NotificationServiceExtension.appex; sourceTree = BUILT_PRODUCTS_DIR; };
		4650330129F68FEB001B6552 /* NotificationService.swift */ = {isa = PBXFileReference; lastKnownFileType = sourcecode.swift; path = NotificationService.swift; sourceTree = "<group>"; };
		4650330329F68FEB001B6552 /* Info.plist */ = {isa = PBXFileReference; lastKnownFileType = text.plist.xml; path = Info.plist; sourceTree = "<group>"; };
		4650331029F696B8001B6552 /* DeepLinkViewController.swift */ = {isa = PBXFileReference; lastKnownFileType = sourcecode.swift; path = DeepLinkViewController.swift; sourceTree = "<group>"; };
		4650331229F69845001B6552 /* DeepLinksHandlerUtil.swift */ = {isa = PBXFileReference; lastKnownFileType = sourcecode.swift; path = DeepLinksHandlerUtil.swift; sourceTree = "<group>"; };
		46D5D97D29E459D600EAF40B /* APN UIKit.app */ = {isa = PBXFileReference; explicitFileType = wrapper.application; includeInIndex = 0; path = "APN UIKit.app"; sourceTree = BUILT_PRODUCTS_DIR; };
		46D5D98029E459D600EAF40B /* AppDelegate.swift */ = {isa = PBXFileReference; lastKnownFileType = sourcecode.swift; path = AppDelegate.swift; sourceTree = "<group>"; };
		46D5D98229E459D600EAF40B /* SceneDelegate.swift */ = {isa = PBXFileReference; lastKnownFileType = sourcecode.swift; path = SceneDelegate.swift; sourceTree = "<group>"; };
		46D5D98429E459D600EAF40B /* ViewController.swift */ = {isa = PBXFileReference; lastKnownFileType = sourcecode.swift; path = ViewController.swift; sourceTree = "<group>"; };
		46D5D98729E459D600EAF40B /* Base */ = {isa = PBXFileReference; lastKnownFileType = file.storyboard; name = Base; path = Base.lproj/Main.storyboard; sourceTree = "<group>"; };
		46D5D98929E459D800EAF40B /* Assets.xcassets */ = {isa = PBXFileReference; lastKnownFileType = folder.assetcatalog; path = Assets.xcassets; sourceTree = "<group>"; };
		46D5D98C29E459D800EAF40B /* Base */ = {isa = PBXFileReference; lastKnownFileType = file.storyboard; name = Base; path = Base.lproj/LaunchScreen.storyboard; sourceTree = "<group>"; };
		46D5D98E29E459D800EAF40B /* Info.plist */ = {isa = PBXFileReference; lastKnownFileType = text.plist.xml; path = Info.plist; sourceTree = "<group>"; };
		46D5D99329E459D800EAF40B /* APN UIKitTests.xctest */ = {isa = PBXFileReference; explicitFileType = wrapper.cfbundle; includeInIndex = 0; path = "APN UIKitTests.xctest"; sourceTree = BUILT_PRODUCTS_DIR; };
		46D5D99729E459D800EAF40B /* APN_UIKitTests.swift */ = {isa = PBXFileReference; lastKnownFileType = sourcecode.swift; path = APN_UIKitTests.swift; sourceTree = "<group>"; };
		46D5D99D29E459D800EAF40B /* APN UIKitUITests.xctest */ = {isa = PBXFileReference; explicitFileType = wrapper.cfbundle; includeInIndex = 0; path = "APN UIKitUITests.xctest"; sourceTree = BUILT_PRODUCTS_DIR; };
		46D5D9A129E459D800EAF40B /* APN_UIKitUITests.swift */ = {isa = PBXFileReference; lastKnownFileType = sourcecode.swift; path = APN_UIKitUITests.swift; sourceTree = "<group>"; };
		46D5D9A329E459D800EAF40B /* APN_UIKitUITestsLaunchTests.swift */ = {isa = PBXFileReference; lastKnownFileType = sourcecode.swift; path = APN_UIKitUITestsLaunchTests.swift; sourceTree = "<group>"; };
		46D5D9B129E56E0E00EAF40B /* LoginViewController.swift */ = {isa = PBXFileReference; lastKnownFileType = sourcecode.swift; path = LoginViewController.swift; sourceTree = "<group>"; };
		46D5D9B429E5710E00EAF40B /* ThemeButton.swift */ = {isa = PBXFileReference; lastKnownFileType = sourcecode.swift; path = ThemeButton.swift; sourceTree = "<group>"; };
		46D5D9B629E5792C00EAF40B /* ThemeTextField.swift */ = {isa = PBXFileReference; lastKnownFileType = sourcecode.swift; path = ThemeTextField.swift; sourceTree = "<group>"; };
		46D5D9B929E5889F00EAF40B /* TextFieldExtension.swift */ = {isa = PBXFileReference; lastKnownFileType = sourcecode.swift; path = TextFieldExtension.swift; sourceTree = "<group>"; };
		46D5D9BB29E58D2000EAF40B /* StoryboardExtension.swift */ = {isa = PBXFileReference; lastKnownFileType = sourcecode.swift; path = StoryboardExtension.swift; sourceTree = "<group>"; };
		46D5D9BE29E58DE700EAF40B /* LoginRouter.swift */ = {isa = PBXFileReference; lastKnownFileType = sourcecode.swift; path = LoginRouter.swift; sourceTree = "<group>"; };
		46D5D9C029E58EB600EAF40B /* DashboardViewController.swift */ = {isa = PBXFileReference; lastKnownFileType = sourcecode.swift; path = DashboardViewController.swift; sourceTree = "<group>"; };
		46D5D9C229E590CE00EAF40B /* DashboardRouter.swift */ = {isa = PBXFileReference; lastKnownFileType = sourcecode.swift; path = DashboardRouter.swift; sourceTree = "<group>"; };
		46D5D9C429E596F300EAF40B /* ViewControllerExtension.swift */ = {isa = PBXFileReference; lastKnownFileType = sourcecode.swift; path = ViewControllerExtension.swift; sourceTree = "<group>"; };
		46D5D9C629E59A5E00EAF40B /* CustomDataViewController.swift */ = {isa = PBXFileReference; lastKnownFileType = sourcecode.swift; name = CustomDataViewController.swift; path = Customisation/CustomDataViewController.swift; sourceTree = "<group>"; };
		46D5D9C829E7276F00EAF40B /* APN UIKit.entitlements */ = {isa = PBXFileReference; lastKnownFileType = text.plist.entitlements; path = "APN UIKit.entitlements"; sourceTree = "<group>"; };
		46D5D9CB29E830AD00EAF40B /* SettingsViewController.swift */ = {isa = PBXFileReference; lastKnownFileType = sourcecode.swift; path = SettingsViewController.swift; sourceTree = "<group>"; };
		46EE274C29E9CBCE0068F9A3 /* SettingsRouter.swift */ = {isa = PBXFileReference; lastKnownFileType = sourcecode.swift; path = SettingsRouter.swift; sourceTree = "<group>"; };
		46EE275129E9E1BA0068F9A3 /* customerio-ios */ = {isa = PBXFileReference; lastKnownFileType = wrapper; name = "customerio-ios"; path = ../..; sourceTree = "<group>"; };
		46EE275C29E9ECE60068F9A3 /* StringExtension.swift */ = {isa = PBXFileReference; lastKnownFileType = sourcecode.swift; path = StringExtension.swift; sourceTree = "<group>"; };
		46EE275F29E9F1BD0068F9A3 /* Storage.swift */ = {isa = PBXFileReference; lastKnownFileType = sourcecode.swift; path = Storage.swift; sourceTree = "<group>"; };
		46EE276129ED679D0068F9A3 /* UserDefaultKeys.swift */ = {isa = PBXFileReference; lastKnownFileType = sourcecode.swift; path = UserDefaultKeys.swift; sourceTree = "<group>"; };
		46EE276F29ED722E0068F9A3 /* AutoLenses.generated.swift */ = {isa = PBXFileReference; fileEncoding = 4; lastKnownFileType = sourcecode.swift; path = AutoLenses.generated.swift; sourceTree = "<group>"; };
		46EE277029ED722E0068F9A3 /* AutoDependencyInjection.generated.swift */ = {isa = PBXFileReference; fileEncoding = 4; lastKnownFileType = sourcecode.swift; path = AutoDependencyInjection.generated.swift; sourceTree = "<group>"; };
		46EE277129ED722E0068F9A3 /* AutoMockable.generated.swift */ = {isa = PBXFileReference; fileEncoding = 4; lastKnownFileType = sourcecode.swift; path = AutoMockable.generated.swift; sourceTree = "<group>"; };
		46EE277529ED802D0068F9A3 /* DIDependencies.swift */ = {isa = PBXFileReference; fileEncoding = 4; lastKnownFileType = sourcecode.swift; path = DIDependencies.swift; sourceTree = "<group>"; };
		46EE277829ED833D0068F9A3 /* Settings.swift */ = {isa = PBXFileReference; lastKnownFileType = sourcecode.swift; path = Settings.swift; sourceTree = "<group>"; };
		46EE278329EEEDF30068F9A3 /* NotificationUtil.swift */ = {isa = PBXFileReference; lastKnownFileType = sourcecode.swift; path = NotificationUtil.swift; sourceTree = "<group>"; };
		46EE278529F01F9B0068F9A3 /* ImageViewExtension.swift */ = {isa = PBXFileReference; lastKnownFileType = sourcecode.swift; path = ImageViewExtension.swift; sourceTree = "<group>"; };
		9443F22B2A66CD650019E744 /* MetadataUtil.swift */ = {isa = PBXFileReference; lastKnownFileType = sourcecode.swift; path = MetadataUtil.swift; sourceTree = "<group>"; };
		94AF7C9E2A44BE9B004880BD /* BaseViewController.swift */ = {isa = PBXFileReference; lastKnownFileType = sourcecode.swift; path = BaseViewController.swift; sourceTree = "<group>"; };
		94C5C26B2A718E970066A072 /* DateExtension.swift */ = {isa = PBXFileReference; lastKnownFileType = sourcecode.swift; path = DateExtension.swift; sourceTree = "<group>"; };
		F74F41F82A168316000D61B9 /* BuildEnvironment.swift */ = {isa = PBXFileReference; fileEncoding = 4; lastKnownFileType = sourcecode.swift; path = BuildEnvironment.swift; sourceTree = SOURCE_ROOT; };
		F7820EA92A15631000B346A9 /* DIGraph.swift */ = {isa = PBXFileReference; fileEncoding = 4; lastKnownFileType = sourcecode.swift; path = DIGraph.swift; sourceTree = "<group>"; };
		F78934232A168E08005D3DF7 /* GoogleService-Info.plist */ = {isa = PBXFileReference; fileEncoding = 4; lastKnownFileType = text.plist.xml; path = "GoogleService-Info.plist"; sourceTree = "<group>"; };
/* End PBXFileReference section */

/* Begin PBXFrameworksBuildPhase section */
		465032FC29F68FEB001B6552 /* Frameworks */ = {
			isa = PBXFrameworksBuildPhase;
			buildActionMask = 2147483647;
			files = (
				4650330D29F69374001B6552 /* MessagingPushAPN in Frameworks */,
				4650330F29F69374001B6552 /* Tracking in Frameworks */,
			);
			runOnlyForDeploymentPostprocessing = 0;
		};
		46D5D97A29E459D600EAF40B /* Frameworks */ = {
			isa = PBXFrameworksBuildPhase;
			buildActionMask = 2147483647;
			files = (
				46EE275529E9E2960068F9A3 /* MessagingInApp in Frameworks */,
				46EE275729E9E2960068F9A3 /* MessagingPushAPN in Frameworks */,
				46EE275B29E9E2960068F9A3 /* Tracking in Frameworks */,
			);
			runOnlyForDeploymentPostprocessing = 0;
		};
		46D5D99029E459D800EAF40B /* Frameworks */ = {
			isa = PBXFrameworksBuildPhase;
			buildActionMask = 2147483647;
			files = (
			);
			runOnlyForDeploymentPostprocessing = 0;
		};
		46D5D99A29E459D800EAF40B /* Frameworks */ = {
			isa = PBXFrameworksBuildPhase;
			buildActionMask = 2147483647;
			files = (
			);
			runOnlyForDeploymentPostprocessing = 0;
		};
/* End PBXFrameworksBuildPhase section */

/* Begin PBXGroup section */
		4650330029F68FEB001B6552 /* NotificationServiceExtension */ = {
			isa = PBXGroup;
			children = (
				4650330129F68FEB001B6552 /* NotificationService.swift */,
				4650330329F68FEB001B6552 /* Info.plist */,
			);
			path = NotificationServiceExtension;
			sourceTree = "<group>";
		};
		46D5D97429E459D600EAF40B = {
			isa = PBXGroup;
			children = (
				46EE275029E9E1BA0068F9A3 /* Packages */,
				46D5D97F29E459D600EAF40B /* APN UIKit */,
				46D5D99629E459D800EAF40B /* APN UIKitTests */,
				46D5D9A029E459D800EAF40B /* APN UIKitUITests */,
				4650330029F68FEB001B6552 /* NotificationServiceExtension */,
				46D5D97E29E459D600EAF40B /* Products */,
				46EE275329E9E2960068F9A3 /* Frameworks */,
			);
			sourceTree = "<group>";
		};
		46D5D97E29E459D600EAF40B /* Products */ = {
			isa = PBXGroup;
			children = (
				46D5D97D29E459D600EAF40B /* APN UIKit.app */,
				46D5D99329E459D800EAF40B /* APN UIKitTests.xctest */,
				46D5D99D29E459D800EAF40B /* APN UIKitUITests.xctest */,
				465032FF29F68FEB001B6552 /* NotificationServiceExtension.appex */,
			);
			name = Products;
			sourceTree = "<group>";
		};
		46D5D97F29E459D600EAF40B /* APN UIKit */ = {
			isa = PBXGroup;
			children = (
				46EE278229EEED500068F9A3 /* Util */,
				46EE277729ED83340068F9A3 /* Model */,
				46EE276E29ED722E0068F9A3 /* autogenerated */,
				46D5D9C829E7276F00EAF40B /* APN UIKit.entitlements */,
				46D5D9BD29E58DD900EAF40B /* Router */,
				46D5D9B029E56DE000EAF40B /* View */,
				46EE275E29E9F19B0068F9A3 /* Storage */,
				46D5D98029E459D600EAF40B /* AppDelegate.swift */,
				46D5D98229E459D600EAF40B /* SceneDelegate.swift */,
				46D5D98429E459D600EAF40B /* ViewController.swift */,
				46D5D98629E459D600EAF40B /* Main.storyboard */,
				46D5D98929E459D800EAF40B /* Assets.xcassets */,
				46D5D98B29E459D800EAF40B /* LaunchScreen.storyboard */,
				F74F41F82A168316000D61B9 /* BuildEnvironment.swift */,
				F7820EA92A15631000B346A9 /* DIGraph.swift */,
				F78934232A168E08005D3DF7 /* GoogleService-Info.plist */,
				46D5D98E29E459D800EAF40B /* Info.plist */,
			);
			path = "APN UIKit";
			sourceTree = "<group>";
		};
		46D5D99629E459D800EAF40B /* APN UIKitTests */ = {
			isa = PBXGroup;
			children = (
				46D5D99729E459D800EAF40B /* APN_UIKitTests.swift */,
			);
			path = "APN UIKitTests";
			sourceTree = "<group>";
		};
		46D5D9A029E459D800EAF40B /* APN UIKitUITests */ = {
			isa = PBXGroup;
			children = (
				46D5D9A129E459D800EAF40B /* APN_UIKitUITests.swift */,
				46D5D9A329E459D800EAF40B /* APN_UIKitUITestsLaunchTests.swift */,
			);
			path = "APN UIKitUITests";
			sourceTree = "<group>";
		};
		46D5D9B029E56DE000EAF40B /* View */ = {
			isa = PBXGroup;
			children = (
				46D5D9B829E5887A00EAF40B /* Extension */,
				46D5D9B329E56F1E00EAF40B /* Customisation */,
				46D5D9B129E56E0E00EAF40B /* LoginViewController.swift */,
				46D5D9C029E58EB600EAF40B /* DashboardViewController.swift */,
				46D5D9C629E59A5E00EAF40B /* CustomDataViewController.swift */,
				46D5D9CB29E830AD00EAF40B /* SettingsViewController.swift */,
				4650331029F696B8001B6552 /* DeepLinkViewController.swift */,
				94AF7C9E2A44BE9B004880BD /* BaseViewController.swift */,
			);
			path = View;
			sourceTree = "<group>";
		};
		46D5D9B329E56F1E00EAF40B /* Customisation */ = {
			isa = PBXGroup;
			children = (
				46D5D9B429E5710E00EAF40B /* ThemeButton.swift */,
				46D5D9B629E5792C00EAF40B /* ThemeTextField.swift */,
			);
			path = Customisation;
			sourceTree = "<group>";
		};
		46D5D9B829E5887A00EAF40B /* Extension */ = {
			isa = PBXGroup;
			children = (
				46D5D9B929E5889F00EAF40B /* TextFieldExtension.swift */,
				46D5D9BB29E58D2000EAF40B /* StoryboardExtension.swift */,
				46D5D9C429E596F300EAF40B /* ViewControllerExtension.swift */,
				46EE275C29E9ECE60068F9A3 /* StringExtension.swift */,
				46EE278529F01F9B0068F9A3 /* ImageViewExtension.swift */,
				94C5C26B2A718E970066A072 /* DateExtension.swift */,
			);
			path = Extension;
			sourceTree = "<group>";
		};
		46D5D9BD29E58DD900EAF40B /* Router */ = {
			isa = PBXGroup;
			children = (
				46D5D9BE29E58DE700EAF40B /* LoginRouter.swift */,
				46D5D9C229E590CE00EAF40B /* DashboardRouter.swift */,
				46EE274C29E9CBCE0068F9A3 /* SettingsRouter.swift */,
			);
			path = Router;
			sourceTree = "<group>";
		};
		46EE275029E9E1BA0068F9A3 /* Packages */ = {
			isa = PBXGroup;
			children = (
				46EE275129E9E1BA0068F9A3 /* customerio-ios */,
			);
			name = Packages;
			sourceTree = "<group>";
		};
		46EE275329E9E2960068F9A3 /* Frameworks */ = {
			isa = PBXGroup;
			children = (
			);
			name = Frameworks;
			sourceTree = "<group>";
		};
		46EE275E29E9F19B0068F9A3 /* Storage */ = {
			isa = PBXGroup;
			children = (
				46EE275F29E9F1BD0068F9A3 /* Storage.swift */,
				46EE276129ED679D0068F9A3 /* UserDefaultKeys.swift */,
			);
			path = Storage;
			sourceTree = "<group>";
		};
		46EE276E29ED722E0068F9A3 /* autogenerated */ = {
			isa = PBXGroup;
			children = (
				46EE277529ED802D0068F9A3 /* DIDependencies.swift */,
				46EE276F29ED722E0068F9A3 /* AutoLenses.generated.swift */,
				46EE277029ED722E0068F9A3 /* AutoDependencyInjection.generated.swift */,
				46EE277129ED722E0068F9A3 /* AutoMockable.generated.swift */,
			);
			path = autogenerated;
			sourceTree = "<group>";
		};
		46EE277729ED83340068F9A3 /* Model */ = {
			isa = PBXGroup;
			children = (
				46EE277829ED833D0068F9A3 /* Settings.swift */,
			);
			path = Model;
			sourceTree = "<group>";
		};
		46EE278229EEED500068F9A3 /* Util */ = {
			isa = PBXGroup;
			children = (
				46EE278329EEEDF30068F9A3 /* NotificationUtil.swift */,
				4650331229F69845001B6552 /* DeepLinksHandlerUtil.swift */,
				9443F22B2A66CD650019E744 /* MetadataUtil.swift */,
			);
			path = Util;
			sourceTree = "<group>";
		};
/* End PBXGroup section */

/* Begin PBXNativeTarget section */
		465032FE29F68FEB001B6552 /* NotificationServiceExtension */ = {
			isa = PBXNativeTarget;
			buildConfigurationList = 4650330A29F68FEB001B6552 /* Build configuration list for PBXNativeTarget "NotificationServiceExtension" */;
			buildPhases = (
				465032FB29F68FEB001B6552 /* Sources */,
				465032FC29F68FEB001B6552 /* Frameworks */,
				465032FD29F68FEB001B6552 /* Resources */,
			);
			buildRules = (
			);
			dependencies = (
			);
			name = NotificationServiceExtension;
			packageProductDependencies = (
				4650330C29F69374001B6552 /* MessagingPushAPN */,
				4650330E29F69374001B6552 /* Tracking */,
			);
			productName = NotificationServiceExtension;
			productReference = 465032FF29F68FEB001B6552 /* NotificationServiceExtension.appex */;
			productType = "com.apple.product-type.app-extension";
		};
		46D5D97C29E459D600EAF40B /* APN UIKit */ = {
			isa = PBXNativeTarget;
			buildConfigurationList = 46D5D9A729E459D800EAF40B /* Build configuration list for PBXNativeTarget "APN UIKit" */;
			buildPhases = (
				46D5D97929E459D600EAF40B /* Sources */,
				46D5D97A29E459D600EAF40B /* Frameworks */,
				46D5D97B29E459D600EAF40B /* Resources */,
				4650330729F68FEB001B6552 /* Embed Foundation Extensions */,
			);
			buildRules = (
			);
			dependencies = (
				4650330529F68FEB001B6552 /* PBXTargetDependency */,
			);
			name = "APN UIKit";
			packageProductDependencies = (
				46EE275429E9E2960068F9A3 /* MessagingInApp */,
				46EE275629E9E2960068F9A3 /* MessagingPushAPN */,
				46EE275A29E9E2960068F9A3 /* Tracking */,
			);
			productName = "APN UIKit";
			productReference = 46D5D97D29E459D600EAF40B /* APN UIKit.app */;
			productType = "com.apple.product-type.application";
		};
		46D5D99229E459D800EAF40B /* APN UIKitTests */ = {
			isa = PBXNativeTarget;
			buildConfigurationList = 46D5D9AA29E459D800EAF40B /* Build configuration list for PBXNativeTarget "APN UIKitTests" */;
			buildPhases = (
				46D5D98F29E459D800EAF40B /* Sources */,
				46D5D99029E459D800EAF40B /* Frameworks */,
				46D5D99129E459D800EAF40B /* Resources */,
			);
			buildRules = (
			);
			dependencies = (
				46D5D99529E459D800EAF40B /* PBXTargetDependency */,
			);
			name = "APN UIKitTests";
			productName = "APN UIKitTests";
			productReference = 46D5D99329E459D800EAF40B /* APN UIKitTests.xctest */;
			productType = "com.apple.product-type.bundle.unit-test";
		};
		46D5D99C29E459D800EAF40B /* APN UIKitUITests */ = {
			isa = PBXNativeTarget;
			buildConfigurationList = 46D5D9AD29E459D800EAF40B /* Build configuration list for PBXNativeTarget "APN UIKitUITests" */;
			buildPhases = (
				46D5D99929E459D800EAF40B /* Sources */,
				46D5D99A29E459D800EAF40B /* Frameworks */,
				46D5D99B29E459D800EAF40B /* Resources */,
			);
			buildRules = (
			);
			dependencies = (
				46D5D99F29E459D800EAF40B /* PBXTargetDependency */,
			);
			name = "APN UIKitUITests";
			productName = "APN UIKitUITests";
			productReference = 46D5D99D29E459D800EAF40B /* APN UIKitUITests.xctest */;
			productType = "com.apple.product-type.bundle.ui-testing";
		};
/* End PBXNativeTarget section */

/* Begin PBXProject section */
		46D5D97529E459D600EAF40B /* Project object */ = {
			isa = PBXProject;
			attributes = {
				BuildIndependentTargetsInParallel = 1;
				LastSwiftUpdateCheck = 1400;
				LastUpgradeCheck = 1400;
				TargetAttributes = {
					465032FE29F68FEB001B6552 = {
						CreatedOnToolsVersion = 14.0.1;
					};
					46D5D97C29E459D600EAF40B = {
						CreatedOnToolsVersion = 14.0.1;
					};
					46D5D99229E459D800EAF40B = {
						CreatedOnToolsVersion = 14.0.1;
						TestTargetID = 46D5D97C29E459D600EAF40B;
					};
					46D5D99C29E459D800EAF40B = {
						CreatedOnToolsVersion = 14.0.1;
						TestTargetID = 46D5D97C29E459D600EAF40B;
					};
				};
			};
			buildConfigurationList = 46D5D97829E459D600EAF40B /* Build configuration list for PBXProject "APN UIKit" */;
			compatibilityVersion = "Xcode 14.0";
			developmentRegion = en;
			hasScannedForEncodings = 0;
			knownRegions = (
				en,
				Base,
			);
			mainGroup = 46D5D97429E459D600EAF40B;
			productRefGroup = 46D5D97E29E459D600EAF40B /* Products */;
			projectDirPath = "";
			projectRoot = "";
			targets = (
				46D5D97C29E459D600EAF40B /* APN UIKit */,
				46D5D99229E459D800EAF40B /* APN UIKitTests */,
				46D5D99C29E459D800EAF40B /* APN UIKitUITests */,
				465032FE29F68FEB001B6552 /* NotificationServiceExtension */,
			);
		};
/* End PBXProject section */

/* Begin PBXResourcesBuildPhase section */
		465032FD29F68FEB001B6552 /* Resources */ = {
			isa = PBXResourcesBuildPhase;
			buildActionMask = 2147483647;
			files = (
			);
			runOnlyForDeploymentPostprocessing = 0;
		};
		46D5D97B29E459D600EAF40B /* Resources */ = {
			isa = PBXResourcesBuildPhase;
			buildActionMask = 2147483647;
			files = (
				46D5D98D29E459D800EAF40B /* LaunchScreen.storyboard in Resources */,
				F78934242A168E09005D3DF7 /* GoogleService-Info.plist in Resources */,
				46D5D98A29E459D800EAF40B /* Assets.xcassets in Resources */,
				46D5D98829E459D600EAF40B /* Main.storyboard in Resources */,
			);
			runOnlyForDeploymentPostprocessing = 0;
		};
		46D5D99129E459D800EAF40B /* Resources */ = {
			isa = PBXResourcesBuildPhase;
			buildActionMask = 2147483647;
			files = (
			);
			runOnlyForDeploymentPostprocessing = 0;
		};
		46D5D99B29E459D800EAF40B /* Resources */ = {
			isa = PBXResourcesBuildPhase;
			buildActionMask = 2147483647;
			files = (
			);
			runOnlyForDeploymentPostprocessing = 0;
		};
/* End PBXResourcesBuildPhase section */

/* Begin PBXSourcesBuildPhase section */
		465032FB29F68FEB001B6552 /* Sources */ = {
			isa = PBXSourcesBuildPhase;
			buildActionMask = 2147483647;
			files = (
				F74F41FA2A168316000D61B9 /* BuildEnvironment.swift in Sources */,
				4650330229F68FEB001B6552 /* NotificationService.swift in Sources */,
			);
			runOnlyForDeploymentPostprocessing = 0;
		};
		46D5D97929E459D600EAF40B /* Sources */ = {
			isa = PBXSourcesBuildPhase;
			buildActionMask = 2147483647;
			files = (
				46D5D9B229E56E0E00EAF40B /* LoginViewController.swift in Sources */,
				46D5D98529E459D600EAF40B /* ViewController.swift in Sources */,
				46D5D9BC29E58D2000EAF40B /* StoryboardExtension.swift in Sources */,
				4650331329F69845001B6552 /* DeepLinksHandlerUtil.swift in Sources */,
				46D5D98129E459D600EAF40B /* AppDelegate.swift in Sources */,
				94AF7C9F2A44BE9B004880BD /* BaseViewController.swift in Sources */,
				46D5D9BA29E5889F00EAF40B /* TextFieldExtension.swift in Sources */,
				46EE276029E9F1BD0068F9A3 /* Storage.swift in Sources */,
				46EE278629F01F9C0068F9A3 /* ImageViewExtension.swift in Sources */,
				94C5C26C2A718E970066A072 /* DateExtension.swift in Sources */,
				46D5D9BF29E58DE700EAF40B /* LoginRouter.swift in Sources */,
				46D5D9C529E596F300EAF40B /* ViewControllerExtension.swift in Sources */,
				46D5D98329E459D600EAF40B /* SceneDelegate.swift in Sources */,
				46EE277229ED722E0068F9A3 /* AutoLenses.generated.swift in Sources */,
				46EE278429EEEDF30068F9A3 /* NotificationUtil.swift in Sources */,
				46EE276229ED679D0068F9A3 /* UserDefaultKeys.swift in Sources */,
				F7820EAA2A15631000B346A9 /* DIGraph.swift in Sources */,
				46EE277629ED802D0068F9A3 /* DIDependencies.swift in Sources */,
				46EE275D29E9ECE60068F9A3 /* StringExtension.swift in Sources */,
				46D5D9C129E58EB600EAF40B /* DashboardViewController.swift in Sources */,
				46EE277429ED722E0068F9A3 /* AutoMockable.generated.swift in Sources */,
				46EE277329ED722E0068F9A3 /* AutoDependencyInjection.generated.swift in Sources */,
				4650331129F696B8001B6552 /* DeepLinkViewController.swift in Sources */,
				46EE274D29E9CBCE0068F9A3 /* SettingsRouter.swift in Sources */,
				9443F22C2A66CD650019E744 /* MetadataUtil.swift in Sources */,
				46D5D9CC29E830AD00EAF40B /* SettingsViewController.swift in Sources */,
				F74F41F92A168316000D61B9 /* BuildEnvironment.swift in Sources */,
				46EE277929ED833D0068F9A3 /* Settings.swift in Sources */,
				46D5D9B529E5710E00EAF40B /* ThemeButton.swift in Sources */,
				46D5D9B729E5792C00EAF40B /* ThemeTextField.swift in Sources */,
				46D5D9C729E59A5E00EAF40B /* CustomDataViewController.swift in Sources */,
				46D5D9C329E590CE00EAF40B /* DashboardRouter.swift in Sources */,
			);
			runOnlyForDeploymentPostprocessing = 0;
		};
		46D5D98F29E459D800EAF40B /* Sources */ = {
			isa = PBXSourcesBuildPhase;
			buildActionMask = 2147483647;
			files = (
				46D5D99829E459D800EAF40B /* APN_UIKitTests.swift in Sources */,
			);
			runOnlyForDeploymentPostprocessing = 0;
		};
		46D5D99929E459D800EAF40B /* Sources */ = {
			isa = PBXSourcesBuildPhase;
			buildActionMask = 2147483647;
			files = (
				46D5D9A229E459D800EAF40B /* APN_UIKitUITests.swift in Sources */,
				46D5D9A429E459D800EAF40B /* APN_UIKitUITestsLaunchTests.swift in Sources */,
			);
			runOnlyForDeploymentPostprocessing = 0;
		};
/* End PBXSourcesBuildPhase section */

/* Begin PBXTargetDependency section */
		4650330529F68FEB001B6552 /* PBXTargetDependency */ = {
			isa = PBXTargetDependency;
			target = 465032FE29F68FEB001B6552 /* NotificationServiceExtension */;
			targetProxy = 4650330429F68FEB001B6552 /* PBXContainerItemProxy */;
		};
		46D5D99529E459D800EAF40B /* PBXTargetDependency */ = {
			isa = PBXTargetDependency;
			target = 46D5D97C29E459D600EAF40B /* APN UIKit */;
			targetProxy = 46D5D99429E459D800EAF40B /* PBXContainerItemProxy */;
		};
		46D5D99F29E459D800EAF40B /* PBXTargetDependency */ = {
			isa = PBXTargetDependency;
			target = 46D5D97C29E459D600EAF40B /* APN UIKit */;
			targetProxy = 46D5D99E29E459D800EAF40B /* PBXContainerItemProxy */;
		};
/* End PBXTargetDependency section */

/* Begin PBXVariantGroup section */
		46D5D98629E459D600EAF40B /* Main.storyboard */ = {
			isa = PBXVariantGroup;
			children = (
				46D5D98729E459D600EAF40B /* Base */,
			);
			name = Main.storyboard;
			sourceTree = "<group>";
		};
		46D5D98B29E459D800EAF40B /* LaunchScreen.storyboard */ = {
			isa = PBXVariantGroup;
			children = (
				46D5D98C29E459D800EAF40B /* Base */,
			);
			name = LaunchScreen.storyboard;
			sourceTree = "<group>";
		};
/* End PBXVariantGroup section */

/* Begin XCBuildConfiguration section */
		4650330829F68FEB001B6552 /* Debug */ = {
			isa = XCBuildConfiguration;
			buildSettings = {
				"CODE_SIGN_IDENTITY[sdk=iphoneos*]" = "iPhone Developer";
				CODE_SIGN_STYLE = Manual;
				CURRENT_PROJECT_VERSION = 1;
				DEVELOPMENT_TEAM = "";
				"DEVELOPMENT_TEAM[sdk=iphoneos*]" = 2YC97BQN3N;
				GENERATE_INFOPLIST_FILE = YES;
				INFOPLIST_FILE = NotificationServiceExtension/Info.plist;
				INFOPLIST_KEY_CFBundleDisplayName = NotificationServiceExtension;
				INFOPLIST_KEY_NSHumanReadableCopyright = "";
				IPHONEOS_DEPLOYMENT_TARGET = 14.0;
				LD_RUNPATH_SEARCH_PATHS = (
					"$(inherited)",
					"@executable_path/Frameworks",
					"@executable_path/../../Frameworks",
				);
				MARKETING_VERSION = 1.0;
				PRODUCT_BUNDLE_IDENTIFIER = "io.customer.ios-sample.apn-spm.APN-UIKit.richpush";
				PRODUCT_NAME = "$(TARGET_NAME)";
				PROVISIONING_PROFILE_SPECIFIER = "";
				"PROVISIONING_PROFILE_SPECIFIER[sdk=iphoneos*]" = "match Development io.customer.ios-sample.apn-spm.APN-UIKit.richpush";
				SKIP_INSTALL = YES;
				SWIFT_EMIT_LOC_STRINGS = YES;
				SWIFT_VERSION = 5.0;
				TARGETED_DEVICE_FAMILY = "1,2";
			};
			name = Debug;
		};
		4650330929F68FEB001B6552 /* Release */ = {
			isa = XCBuildConfiguration;
			buildSettings = {
				"CODE_SIGN_IDENTITY[sdk=iphoneos*]" = "iPhone Developer";
				CODE_SIGN_STYLE = Manual;
				CURRENT_PROJECT_VERSION = 1;
				DEVELOPMENT_TEAM = "";
				"DEVELOPMENT_TEAM[sdk=iphoneos*]" = 2YC97BQN3N;
				GENERATE_INFOPLIST_FILE = YES;
				INFOPLIST_FILE = NotificationServiceExtension/Info.plist;
				INFOPLIST_KEY_CFBundleDisplayName = NotificationServiceExtension;
				INFOPLIST_KEY_NSHumanReadableCopyright = "";
				IPHONEOS_DEPLOYMENT_TARGET = 14.0;
				LD_RUNPATH_SEARCH_PATHS = (
					"$(inherited)",
					"@executable_path/Frameworks",
					"@executable_path/../../Frameworks",
				);
				MARKETING_VERSION = 1.0;
				PRODUCT_BUNDLE_IDENTIFIER = "io.customer.ios-sample.apn-spm.APN-UIKit.richpush";
				PRODUCT_NAME = "$(TARGET_NAME)";
				PROVISIONING_PROFILE_SPECIFIER = "";
				"PROVISIONING_PROFILE_SPECIFIER[sdk=iphoneos*]" = "match Development io.customer.ios-sample.apn-spm.APN-UIKit.richpush";
				SKIP_INSTALL = YES;
				SWIFT_EMIT_LOC_STRINGS = YES;
				SWIFT_VERSION = 5.0;
				TARGETED_DEVICE_FAMILY = "1,2";
			};
			name = Release;
		};
		46D5D9A529E459D800EAF40B /* Debug */ = {
			isa = XCBuildConfiguration;
			buildSettings = {
				ALWAYS_SEARCH_USER_PATHS = NO;
				CLANG_ANALYZER_NONNULL = YES;
				CLANG_ANALYZER_NUMBER_OBJECT_CONVERSION = YES_AGGRESSIVE;
				CLANG_CXX_LANGUAGE_STANDARD = "gnu++20";
				CLANG_ENABLE_MODULES = YES;
				CLANG_ENABLE_OBJC_ARC = YES;
				CLANG_ENABLE_OBJC_WEAK = YES;
				CLANG_WARN_BLOCK_CAPTURE_AUTORELEASING = YES;
				CLANG_WARN_BOOL_CONVERSION = YES;
				CLANG_WARN_COMMA = YES;
				CLANG_WARN_CONSTANT_CONVERSION = YES;
				CLANG_WARN_DEPRECATED_OBJC_IMPLEMENTATIONS = YES;
				CLANG_WARN_DIRECT_OBJC_ISA_USAGE = YES_ERROR;
				CLANG_WARN_DOCUMENTATION_COMMENTS = YES;
				CLANG_WARN_EMPTY_BODY = YES;
				CLANG_WARN_ENUM_CONVERSION = YES;
				CLANG_WARN_INFINITE_RECURSION = YES;
				CLANG_WARN_INT_CONVERSION = YES;
				CLANG_WARN_NON_LITERAL_NULL_CONVERSION = YES;
				CLANG_WARN_OBJC_IMPLICIT_RETAIN_SELF = YES;
				CLANG_WARN_OBJC_LITERAL_CONVERSION = YES;
				CLANG_WARN_OBJC_ROOT_CLASS = YES_ERROR;
				CLANG_WARN_QUOTED_INCLUDE_IN_FRAMEWORK_HEADER = YES;
				CLANG_WARN_RANGE_LOOP_ANALYSIS = YES;
				CLANG_WARN_STRICT_PROTOTYPES = YES;
				CLANG_WARN_SUSPICIOUS_MOVE = YES;
				CLANG_WARN_UNGUARDED_AVAILABILITY = YES_AGGRESSIVE;
				CLANG_WARN_UNREACHABLE_CODE = YES;
				CLANG_WARN__DUPLICATE_METHOD_MATCH = YES;
				COPY_PHASE_STRIP = NO;
				DEBUG_INFORMATION_FORMAT = dwarf;
				ENABLE_STRICT_OBJC_MSGSEND = YES;
				ENABLE_TESTABILITY = YES;
				GCC_C_LANGUAGE_STANDARD = gnu11;
				GCC_DYNAMIC_NO_PIC = NO;
				GCC_NO_COMMON_BLOCKS = YES;
				GCC_OPTIMIZATION_LEVEL = 0;
				GCC_PREPROCESSOR_DEFINITIONS = (
					"DEBUG=1",
					"$(inherited)",
				);
				GCC_WARN_64_TO_32_BIT_CONVERSION = YES;
				GCC_WARN_ABOUT_RETURN_TYPE = YES_ERROR;
				GCC_WARN_UNDECLARED_SELECTOR = YES;
				GCC_WARN_UNINITIALIZED_AUTOS = YES_AGGRESSIVE;
				GCC_WARN_UNUSED_FUNCTION = YES;
				GCC_WARN_UNUSED_VARIABLE = YES;
				IPHONEOS_DEPLOYMENT_TARGET = 16.0;
				MTL_ENABLE_DEBUG_INFO = INCLUDE_SOURCE;
				MTL_FAST_MATH = YES;
				ONLY_ACTIVE_ARCH = YES;
				SDKROOT = iphoneos;
				SWIFT_ACTIVE_COMPILATION_CONDITIONS = DEBUG;
				SWIFT_OPTIMIZATION_LEVEL = "-Onone";
			};
			name = Debug;
		};
		46D5D9A629E459D800EAF40B /* Release */ = {
			isa = XCBuildConfiguration;
			buildSettings = {
				ALWAYS_SEARCH_USER_PATHS = NO;
				CLANG_ANALYZER_NONNULL = YES;
				CLANG_ANALYZER_NUMBER_OBJECT_CONVERSION = YES_AGGRESSIVE;
				CLANG_CXX_LANGUAGE_STANDARD = "gnu++20";
				CLANG_ENABLE_MODULES = YES;
				CLANG_ENABLE_OBJC_ARC = YES;
				CLANG_ENABLE_OBJC_WEAK = YES;
				CLANG_WARN_BLOCK_CAPTURE_AUTORELEASING = YES;
				CLANG_WARN_BOOL_CONVERSION = YES;
				CLANG_WARN_COMMA = YES;
				CLANG_WARN_CONSTANT_CONVERSION = YES;
				CLANG_WARN_DEPRECATED_OBJC_IMPLEMENTATIONS = YES;
				CLANG_WARN_DIRECT_OBJC_ISA_USAGE = YES_ERROR;
				CLANG_WARN_DOCUMENTATION_COMMENTS = YES;
				CLANG_WARN_EMPTY_BODY = YES;
				CLANG_WARN_ENUM_CONVERSION = YES;
				CLANG_WARN_INFINITE_RECURSION = YES;
				CLANG_WARN_INT_CONVERSION = YES;
				CLANG_WARN_NON_LITERAL_NULL_CONVERSION = YES;
				CLANG_WARN_OBJC_IMPLICIT_RETAIN_SELF = YES;
				CLANG_WARN_OBJC_LITERAL_CONVERSION = YES;
				CLANG_WARN_OBJC_ROOT_CLASS = YES_ERROR;
				CLANG_WARN_QUOTED_INCLUDE_IN_FRAMEWORK_HEADER = YES;
				CLANG_WARN_RANGE_LOOP_ANALYSIS = YES;
				CLANG_WARN_STRICT_PROTOTYPES = YES;
				CLANG_WARN_SUSPICIOUS_MOVE = YES;
				CLANG_WARN_UNGUARDED_AVAILABILITY = YES_AGGRESSIVE;
				CLANG_WARN_UNREACHABLE_CODE = YES;
				CLANG_WARN__DUPLICATE_METHOD_MATCH = YES;
				COPY_PHASE_STRIP = NO;
				DEBUG_INFORMATION_FORMAT = "dwarf-with-dsym";
				ENABLE_NS_ASSERTIONS = NO;
				ENABLE_STRICT_OBJC_MSGSEND = YES;
				GCC_C_LANGUAGE_STANDARD = gnu11;
				GCC_NO_COMMON_BLOCKS = YES;
				GCC_WARN_64_TO_32_BIT_CONVERSION = YES;
				GCC_WARN_ABOUT_RETURN_TYPE = YES_ERROR;
				GCC_WARN_UNDECLARED_SELECTOR = YES;
				GCC_WARN_UNINITIALIZED_AUTOS = YES_AGGRESSIVE;
				GCC_WARN_UNUSED_FUNCTION = YES;
				GCC_WARN_UNUSED_VARIABLE = YES;
				IPHONEOS_DEPLOYMENT_TARGET = 16.0;
				MTL_ENABLE_DEBUG_INFO = NO;
				MTL_FAST_MATH = YES;
				SDKROOT = iphoneos;
				SWIFT_COMPILATION_MODE = wholemodule;
				SWIFT_OPTIMIZATION_LEVEL = "-O";
				VALIDATE_PRODUCT = YES;
			};
			name = Release;
		};
		46D5D9A829E459D800EAF40B /* Debug */ = {
			isa = XCBuildConfiguration;
			buildSettings = {
				ALWAYS_EMBED_SWIFT_STANDARD_LIBRARIES = YES;
				ASSETCATALOG_COMPILER_APPICON_NAME = AppIcon;
				ASSETCATALOG_COMPILER_GLOBAL_ACCENT_COLOR_NAME = AccentColor;
				CODE_SIGN_ENTITLEMENTS = "APN UIKit/APN UIKit.entitlements";
				"CODE_SIGN_IDENTITY[sdk=iphoneos*]" = "iPhone Developer";
				CODE_SIGN_STYLE = Manual;
				CURRENT_PROJECT_VERSION = 1;
				DEVELOPMENT_TEAM = "";
				"DEVELOPMENT_TEAM[sdk=iphoneos*]" = 2YC97BQN3N;
				GENERATE_INFOPLIST_FILE = YES;
				INFOPLIST_FILE = "APN UIKit/Info.plist";
				INFOPLIST_KEY_UIApplicationSupportsIndirectInputEvents = YES;
				INFOPLIST_KEY_UILaunchStoryboardName = LaunchScreen;
				INFOPLIST_KEY_UIMainStoryboardFile = Main;
				INFOPLIST_KEY_UISupportedInterfaceOrientations_iPad = "UIInterfaceOrientationPortrait UIInterfaceOrientationPortraitUpsideDown UIInterfaceOrientationLandscapeLeft UIInterfaceOrientationLandscapeRight";
				INFOPLIST_KEY_UISupportedInterfaceOrientations_iPhone = "UIInterfaceOrientationPortrait UIInterfaceOrientationLandscapeLeft UIInterfaceOrientationLandscapeRight";
				IPHONEOS_DEPLOYMENT_TARGET = 14.0;
				LD_RUNPATH_SEARCH_PATHS = (
					"$(inherited)",
					"@executable_path/Frameworks",
				);
				MARKETING_VERSION = 1.0;
				PRODUCT_BUNDLE_IDENTIFIER = "io.customer.ios-sample.apn-spm.APN-UIKit";
				PRODUCT_NAME = "$(TARGET_NAME)";
				PROVISIONING_PROFILE_SPECIFIER = "";
				"PROVISIONING_PROFILE_SPECIFIER[sdk=iphoneos*]" = "match Development io.customer.ios-sample.apn-spm.APN-UIKit";
				SWIFT_EMIT_LOC_STRINGS = YES;
				SWIFT_VERSION = 5.0;
				TARGETED_DEVICE_FAMILY = "1,2";
			};
			name = Debug;
		};
		46D5D9A929E459D800EAF40B /* Release */ = {
			isa = XCBuildConfiguration;
			buildSettings = {
				ALWAYS_EMBED_SWIFT_STANDARD_LIBRARIES = YES;
				ASSETCATALOG_COMPILER_APPICON_NAME = AppIcon;
				ASSETCATALOG_COMPILER_GLOBAL_ACCENT_COLOR_NAME = AccentColor;
				CODE_SIGN_ENTITLEMENTS = "APN UIKit/APN UIKit.entitlements";
				"CODE_SIGN_IDENTITY[sdk=iphoneos*]" = "iPhone Developer";
				CODE_SIGN_STYLE = Manual;
				CURRENT_PROJECT_VERSION = 1;
				DEVELOPMENT_TEAM = "";
				"DEVELOPMENT_TEAM[sdk=iphoneos*]" = 2YC97BQN3N;
				GENERATE_INFOPLIST_FILE = YES;
				INFOPLIST_FILE = "APN UIKit/Info.plist";
				INFOPLIST_KEY_UIApplicationSupportsIndirectInputEvents = YES;
				INFOPLIST_KEY_UILaunchStoryboardName = LaunchScreen;
				INFOPLIST_KEY_UIMainStoryboardFile = Main;
				INFOPLIST_KEY_UISupportedInterfaceOrientations_iPad = "UIInterfaceOrientationPortrait UIInterfaceOrientationPortraitUpsideDown UIInterfaceOrientationLandscapeLeft UIInterfaceOrientationLandscapeRight";
				INFOPLIST_KEY_UISupportedInterfaceOrientations_iPhone = "UIInterfaceOrientationPortrait UIInterfaceOrientationLandscapeLeft UIInterfaceOrientationLandscapeRight";
				IPHONEOS_DEPLOYMENT_TARGET = 14.0;
				LD_RUNPATH_SEARCH_PATHS = (
					"$(inherited)",
					"@executable_path/Frameworks",
				);
				MARKETING_VERSION = 1.0;
				PRODUCT_BUNDLE_IDENTIFIER = "io.customer.ios-sample.apn-spm.APN-UIKit";
				PRODUCT_NAME = "$(TARGET_NAME)";
				PROVISIONING_PROFILE_SPECIFIER = "";
				"PROVISIONING_PROFILE_SPECIFIER[sdk=iphoneos*]" = "match Development io.customer.ios-sample.apn-spm.APN-UIKit";
				SWIFT_EMIT_LOC_STRINGS = YES;
				SWIFT_VERSION = 5.0;
				TARGETED_DEVICE_FAMILY = "1,2";
			};
			name = Release;
		};
		46D5D9AB29E459D800EAF40B /* Debug */ = {
			isa = XCBuildConfiguration;
			buildSettings = {
				ALWAYS_EMBED_SWIFT_STANDARD_LIBRARIES = YES;
				BUNDLE_LOADER = "$(TEST_HOST)";
				CODE_SIGN_STYLE = Automatic;
				CURRENT_PROJECT_VERSION = 1;
				GENERATE_INFOPLIST_FILE = YES;
				IPHONEOS_DEPLOYMENT_TARGET = 16.0;
				MARKETING_VERSION = 1.0;
				PRODUCT_BUNDLE_IDENTIFIER = "io.customer.ios-sample.apn-spm.APN-UIKitTests";
				PRODUCT_NAME = "$(TARGET_NAME)";
				SWIFT_EMIT_LOC_STRINGS = NO;
				SWIFT_VERSION = 5.0;
				TARGETED_DEVICE_FAMILY = "1,2";
				TEST_HOST = "$(BUILT_PRODUCTS_DIR)/APN UIKit.app/$(BUNDLE_EXECUTABLE_FOLDER_PATH)/APN UIKit";
			};
			name = Debug;
		};
		46D5D9AC29E459D800EAF40B /* Release */ = {
			isa = XCBuildConfiguration;
			buildSettings = {
				ALWAYS_EMBED_SWIFT_STANDARD_LIBRARIES = YES;
				BUNDLE_LOADER = "$(TEST_HOST)";
				CODE_SIGN_STYLE = Automatic;
				CURRENT_PROJECT_VERSION = 1;
				GENERATE_INFOPLIST_FILE = YES;
				IPHONEOS_DEPLOYMENT_TARGET = 16.0;
				MARKETING_VERSION = 1.0;
				PRODUCT_BUNDLE_IDENTIFIER = "io.customer.ios-sample.apn-spm.APN-UIKitTests";
				PRODUCT_NAME = "$(TARGET_NAME)";
				SWIFT_EMIT_LOC_STRINGS = NO;
				SWIFT_VERSION = 5.0;
				TARGETED_DEVICE_FAMILY = "1,2";
				TEST_HOST = "$(BUILT_PRODUCTS_DIR)/APN UIKit.app/$(BUNDLE_EXECUTABLE_FOLDER_PATH)/APN UIKit";
			};
			name = Release;
		};
		46D5D9AE29E459D800EAF40B /* Debug */ = {
			isa = XCBuildConfiguration;
			buildSettings = {
				ALWAYS_EMBED_SWIFT_STANDARD_LIBRARIES = YES;
				CODE_SIGN_STYLE = Automatic;
				CURRENT_PROJECT_VERSION = 1;
				GENERATE_INFOPLIST_FILE = YES;
				MARKETING_VERSION = 1.0;
				PRODUCT_BUNDLE_IDENTIFIER = "io.customer.ios-sample.apn-spm.APN-UIKitUITests";
				PRODUCT_NAME = "$(TARGET_NAME)";
				SWIFT_EMIT_LOC_STRINGS = NO;
				SWIFT_VERSION = 5.0;
				TARGETED_DEVICE_FAMILY = "1,2";
				TEST_TARGET_NAME = "APN UIKit";
			};
			name = Debug;
		};
		46D5D9AF29E459D800EAF40B /* Release */ = {
			isa = XCBuildConfiguration;
			buildSettings = {
				ALWAYS_EMBED_SWIFT_STANDARD_LIBRARIES = YES;
				CODE_SIGN_STYLE = Automatic;
				CURRENT_PROJECT_VERSION = 1;
				GENERATE_INFOPLIST_FILE = YES;
				MARKETING_VERSION = 1.0;
				PRODUCT_BUNDLE_IDENTIFIER = "io.customer.ios-sample.apn-spm.APN-UIKitUITests";
				PRODUCT_NAME = "$(TARGET_NAME)";
				SWIFT_EMIT_LOC_STRINGS = NO;
				SWIFT_VERSION = 5.0;
				TARGETED_DEVICE_FAMILY = "1,2";
				TEST_TARGET_NAME = "APN UIKit";
			};
			name = Release;
		};
/* End XCBuildConfiguration section */

/* Begin XCConfigurationList section */
		4650330A29F68FEB001B6552 /* Build configuration list for PBXNativeTarget "NotificationServiceExtension" */ = {
			isa = XCConfigurationList;
			buildConfigurations = (
				4650330829F68FEB001B6552 /* Debug */,
				4650330929F68FEB001B6552 /* Release */,
			);
			defaultConfigurationIsVisible = 0;
			defaultConfigurationName = Release;
		};
		46D5D97829E459D600EAF40B /* Build configuration list for PBXProject "APN UIKit" */ = {
			isa = XCConfigurationList;
			buildConfigurations = (
				46D5D9A529E459D800EAF40B /* Debug */,
				46D5D9A629E459D800EAF40B /* Release */,
			);
			defaultConfigurationIsVisible = 0;
			defaultConfigurationName = Release;
		};
		46D5D9A729E459D800EAF40B /* Build configuration list for PBXNativeTarget "APN UIKit" */ = {
			isa = XCConfigurationList;
			buildConfigurations = (
				46D5D9A829E459D800EAF40B /* Debug */,
				46D5D9A929E459D800EAF40B /* Release */,
			);
			defaultConfigurationIsVisible = 0;
			defaultConfigurationName = Release;
		};
		46D5D9AA29E459D800EAF40B /* Build configuration list for PBXNativeTarget "APN UIKitTests" */ = {
			isa = XCConfigurationList;
			buildConfigurations = (
				46D5D9AB29E459D800EAF40B /* Debug */,
				46D5D9AC29E459D800EAF40B /* Release */,
			);
			defaultConfigurationIsVisible = 0;
			defaultConfigurationName = Release;
		};
		46D5D9AD29E459D800EAF40B /* Build configuration list for PBXNativeTarget "APN UIKitUITests" */ = {
			isa = XCConfigurationList;
			buildConfigurations = (
				46D5D9AE29E459D800EAF40B /* Debug */,
				46D5D9AF29E459D800EAF40B /* Release */,
			);
			defaultConfigurationIsVisible = 0;
			defaultConfigurationName = Release;
		};
/* End XCConfigurationList section */

/* Begin XCSwiftPackageProductDependency section */
		4650330C29F69374001B6552 /* MessagingPushAPN */ = {
			isa = XCSwiftPackageProductDependency;
			productName = MessagingPushAPN;
		};
		4650330E29F69374001B6552 /* Tracking */ = {
			isa = XCSwiftPackageProductDependency;
			productName = Tracking;
		};
		46EE275429E9E2960068F9A3 /* MessagingInApp */ = {
			isa = XCSwiftPackageProductDependency;
			productName = MessagingInApp;
		};
		46EE275629E9E2960068F9A3 /* MessagingPushAPN */ = {
			isa = XCSwiftPackageProductDependency;
			productName = MessagingPushAPN;
		};
		46EE275A29E9E2960068F9A3 /* Tracking */ = {
			isa = XCSwiftPackageProductDependency;
			productName = Tracking;
		};
/* End XCSwiftPackageProductDependency section */
	};
	rootObject = 46D5D97529E459D600EAF40B /* Project object */;
}
