// !$*UTF8*$!
{
	archiveVersion = 1;
	classes = {
	};
	objectVersion = 56;
	objects = {

/* Begin PBXBuildFile section */
		46D5D98129E459D600EAF40B /* AppDelegate.swift in Sources */ = {isa = PBXBuildFile; fileRef = 46D5D98029E459D600EAF40B /* AppDelegate.swift */; };
		46D5D98329E459D600EAF40B /* SceneDelegate.swift in Sources */ = {isa = PBXBuildFile; fileRef = 46D5D98229E459D600EAF40B /* SceneDelegate.swift */; };
		46D5D98529E459D600EAF40B /* ViewController.swift in Sources */ = {isa = PBXBuildFile; fileRef = 46D5D98429E459D600EAF40B /* ViewController.swift */; };
		46D5D98829E459D600EAF40B /* Main.storyboard in Resources */ = {isa = PBXBuildFile; fileRef = 46D5D98629E459D600EAF40B /* Main.storyboard */; };
		46D5D98A29E459D800EAF40B /* Assets.xcassets in Resources */ = {isa = PBXBuildFile; fileRef = 46D5D98929E459D800EAF40B /* Assets.xcassets */; };
		46D5D98D29E459D800EAF40B /* LaunchScreen.storyboard in Resources */ = {isa = PBXBuildFile; fileRef = 46D5D98B29E459D800EAF40B /* LaunchScreen.storyboard */; };
		46D5D99829E459D800EAF40B /* APN_UIKitTests.swift in Sources */ = {isa = PBXBuildFile; fileRef = 46D5D99729E459D800EAF40B /* APN_UIKitTests.swift */; };
		46D5D9A229E459D800EAF40B /* APN_UIKitUITests.swift in Sources */ = {isa = PBXBuildFile; fileRef = 46D5D9A129E459D800EAF40B /* APN_UIKitUITests.swift */; };
		46D5D9A429E459D800EAF40B /* APN_UIKitUITestsLaunchTests.swift in Sources */ = {isa = PBXBuildFile; fileRef = 46D5D9A329E459D800EAF40B /* APN_UIKitUITestsLaunchTests.swift */; };
		46D5D9B229E56E0E00EAF40B /* LoginViewController.swift in Sources */ = {isa = PBXBuildFile; fileRef = 46D5D9B129E56E0E00EAF40B /* LoginViewController.swift */; };
		46D5D9B529E5710E00EAF40B /* ThemeButton.swift in Sources */ = {isa = PBXBuildFile; fileRef = 46D5D9B429E5710E00EAF40B /* ThemeButton.swift */; };
/* End PBXBuildFile section */

/* Begin PBXContainerItemProxy section */
		46D5D99429E459D800EAF40B /* PBXContainerItemProxy */ = {
			isa = PBXContainerItemProxy;
			containerPortal = 46D5D97529E459D600EAF40B /* Project object */;
			proxyType = 1;
			remoteGlobalIDString = 46D5D97C29E459D600EAF40B;
			remoteInfo = "APN UIKit";
		};
		46D5D99E29E459D800EAF40B /* PBXContainerItemProxy */ = {
			isa = PBXContainerItemProxy;
			containerPortal = 46D5D97529E459D600EAF40B /* Project object */;
			proxyType = 1;
			remoteGlobalIDString = 46D5D97C29E459D600EAF40B;
			remoteInfo = "APN UIKit";
		};
/* End PBXContainerItemProxy section */

/* Begin PBXFileReference section */
		46D5D97D29E459D600EAF40B /* APN UIKit.app */ = {isa = PBXFileReference; explicitFileType = wrapper.application; includeInIndex = 0; path = "APN UIKit.app"; sourceTree = BUILT_PRODUCTS_DIR; };
		46D5D98029E459D600EAF40B /* AppDelegate.swift */ = {isa = PBXFileReference; lastKnownFileType = sourcecode.swift; path = AppDelegate.swift; sourceTree = "<group>"; };
		46D5D98229E459D600EAF40B /* SceneDelegate.swift */ = {isa = PBXFileReference; lastKnownFileType = sourcecode.swift; path = SceneDelegate.swift; sourceTree = "<group>"; };
		46D5D98429E459D600EAF40B /* ViewController.swift */ = {isa = PBXFileReference; lastKnownFileType = sourcecode.swift; path = ViewController.swift; sourceTree = "<group>"; };
		46D5D98729E459D600EAF40B /* Base */ = {isa = PBXFileReference; lastKnownFileType = file.storyboard; name = Base; path = Base.lproj/Main.storyboard; sourceTree = "<group>"; };
		46D5D98929E459D800EAF40B /* Assets.xcassets */ = {isa = PBXFileReference; lastKnownFileType = folder.assetcatalog; path = Assets.xcassets; sourceTree = "<group>"; };
		46D5D98C29E459D800EAF40B /* Base */ = {isa = PBXFileReference; lastKnownFileType = file.storyboard; name = Base; path = Base.lproj/LaunchScreen.storyboard; sourceTree = "<group>"; };
		46D5D98E29E459D800EAF40B /* Info.plist */ = {isa = PBXFileReference; lastKnownFileType = text.plist.xml; path = Info.plist; sourceTree = "<group>"; };
		46D5D99329E459D800EAF40B /* APN UIKitTests.xctest */ = {isa = PBXFileReference; explicitFileType = wrapper.cfbundle; includeInIndex = 0; path = "APN UIKitTests.xctest"; sourceTree = BUILT_PRODUCTS_DIR; };
		46D5D99729E459D800EAF40B /* APN_UIKitTests.swift */ = {isa = PBXFileReference; lastKnownFileType = sourcecode.swift; path = APN_UIKitTests.swift; sourceTree = "<group>"; };
		46D5D99D29E459D800EAF40B /* APN UIKitUITests.xctest */ = {isa = PBXFileReference; explicitFileType = wrapper.cfbundle; includeInIndex = 0; path = "APN UIKitUITests.xctest"; sourceTree = BUILT_PRODUCTS_DIR; };
		46D5D9A129E459D800EAF40B /* APN_UIKitUITests.swift */ = {isa = PBXFileReference; lastKnownFileType = sourcecode.swift; path = APN_UIKitUITests.swift; sourceTree = "<group>"; };
		46D5D9A329E459D800EAF40B /* APN_UIKitUITestsLaunchTests.swift */ = {isa = PBXFileReference; lastKnownFileType = sourcecode.swift; path = APN_UIKitUITestsLaunchTests.swift; sourceTree = "<group>"; };
		46D5D9B129E56E0E00EAF40B /* LoginViewController.swift */ = {isa = PBXFileReference; lastKnownFileType = sourcecode.swift; path = LoginViewController.swift; sourceTree = "<group>"; };
		46D5D9B429E5710E00EAF40B /* ThemeButton.swift */ = {isa = PBXFileReference; lastKnownFileType = sourcecode.swift; path = ThemeButton.swift; sourceTree = "<group>"; };
/* End PBXFileReference section */

/* Begin PBXFrameworksBuildPhase section */
		46D5D97A29E459D600EAF40B /* Frameworks */ = {
			isa = PBXFrameworksBuildPhase;
			buildActionMask = 2147483647;
			files = (
			);
			runOnlyForDeploymentPostprocessing = 0;
		};
		46D5D99029E459D800EAF40B /* Frameworks */ = {
			isa = PBXFrameworksBuildPhase;
			buildActionMask = 2147483647;
			files = (
			);
			runOnlyForDeploymentPostprocessing = 0;
		};
		46D5D99A29E459D800EAF40B /* Frameworks */ = {
			isa = PBXFrameworksBuildPhase;
			buildActionMask = 2147483647;
			files = (
			);
			runOnlyForDeploymentPostprocessing = 0;
		};
/* End PBXFrameworksBuildPhase section */

/* Begin PBXGroup section */
		46D5D97429E459D600EAF40B = {
			isa = PBXGroup;
			children = (
				46D5D97F29E459D600EAF40B /* APN UIKit */,
				46D5D99629E459D800EAF40B /* APN UIKitTests */,
				46D5D9A029E459D800EAF40B /* APN UIKitUITests */,
				46D5D97E29E459D600EAF40B /* Products */,
			);
			sourceTree = "<group>";
		};
		46D5D97E29E459D600EAF40B /* Products */ = {
			isa = PBXGroup;
			children = (
				46D5D97D29E459D600EAF40B /* APN UIKit.app */,
				46D5D99329E459D800EAF40B /* APN UIKitTests.xctest */,
				46D5D99D29E459D800EAF40B /* APN UIKitUITests.xctest */,
			);
			name = Products;
			sourceTree = "<group>";
		};
		46D5D97F29E459D600EAF40B /* APN UIKit */ = {
			isa = PBXGroup;
			children = (
				46D5D9B029E56DE000EAF40B /* View */,
				46D5D98029E459D600EAF40B /* AppDelegate.swift */,
				46D5D98229E459D600EAF40B /* SceneDelegate.swift */,
				46D5D98429E459D600EAF40B /* ViewController.swift */,
				46D5D98629E459D600EAF40B /* Main.storyboard */,
				46D5D98929E459D800EAF40B /* Assets.xcassets */,
				46D5D98B29E459D800EAF40B /* LaunchScreen.storyboard */,
				46D5D98E29E459D800EAF40B /* Info.plist */,
			);
			path = "APN UIKit";
			sourceTree = "<group>";
		};
		46D5D99629E459D800EAF40B /* APN UIKitTests */ = {
			isa = PBXGroup;
			children = (
				46D5D99729E459D800EAF40B /* APN_UIKitTests.swift */,
			);
			path = "APN UIKitTests";
			sourceTree = "<group>";
		};
		46D5D9A029E459D800EAF40B /* APN UIKitUITests */ = {
			isa = PBXGroup;
			children = (
				46D5D9A129E459D800EAF40B /* APN_UIKitUITests.swift */,
				46D5D9A329E459D800EAF40B /* APN_UIKitUITestsLaunchTests.swift */,
			);
			path = "APN UIKitUITests";
			sourceTree = "<group>";
		};
		46D5D9B029E56DE000EAF40B /* View */ = {
			isa = PBXGroup;
			children = (
				46D5D9B329E56F1E00EAF40B /* Customisation */,
				46D5D9B129E56E0E00EAF40B /* LoginViewController.swift */,
			);
			path = View;
			sourceTree = "<group>";
		};
		46D5D9B329E56F1E00EAF40B /* Customisation */ = {
			isa = PBXGroup;
			children = (
				46D5D9B429E5710E00EAF40B /* ThemeButton.swift */,
			);
			path = Customisation;
			sourceTree = "<group>";
		};
/* End PBXGroup section */

/* Begin PBXNativeTarget section */
		46D5D97C29E459D600EAF40B /* APN UIKit */ = {
			isa = PBXNativeTarget;
			buildConfigurationList = 46D5D9A729E459D800EAF40B /* Build configuration list for PBXNativeTarget "APN UIKit" */;
			buildPhases = (
				46D5D97929E459D600EAF40B /* Sources */,
				46D5D97A29E459D600EAF40B /* Frameworks */,
				46D5D97B29E459D600EAF40B /* Resources */,
			);
			buildRules = (
			);
			dependencies = (
			);
			name = "APN UIKit";
			productName = "APN UIKit";
			productReference = 46D5D97D29E459D600EAF40B /* APN UIKit.app */;
			productType = "com.apple.product-type.application";
		};
		46D5D99229E459D800EAF40B /* APN UIKitTests */ = {
			isa = PBXNativeTarget;
			buildConfigurationList = 46D5D9AA29E459D800EAF40B /* Build configuration list for PBXNativeTarget "APN UIKitTests" */;
			buildPhases = (
				46D5D98F29E459D800EAF40B /* Sources */,
				46D5D99029E459D800EAF40B /* Frameworks */,
				46D5D99129E459D800EAF40B /* Resources */,
			);
			buildRules = (
			);
			dependencies = (
				46D5D99529E459D800EAF40B /* PBXTargetDependency */,
			);
			name = "APN UIKitTests";
			productName = "APN UIKitTests";
			productReference = 46D5D99329E459D800EAF40B /* APN UIKitTests.xctest */;
			productType = "com.apple.product-type.bundle.unit-test";
		};
		46D5D99C29E459D800EAF40B /* APN UIKitUITests */ = {
			isa = PBXNativeTarget;
			buildConfigurationList = 46D5D9AD29E459D800EAF40B /* Build configuration list for PBXNativeTarget "APN UIKitUITests" */;
			buildPhases = (
				46D5D99929E459D800EAF40B /* Sources */,
				46D5D99A29E459D800EAF40B /* Frameworks */,
				46D5D99B29E459D800EAF40B /* Resources */,
			);
			buildRules = (
			);
			dependencies = (
				46D5D99F29E459D800EAF40B /* PBXTargetDependency */,
			);
			name = "APN UIKitUITests";
			productName = "APN UIKitUITests";
			productReference = 46D5D99D29E459D800EAF40B /* APN UIKitUITests.xctest */;
			productType = "com.apple.product-type.bundle.ui-testing";
		};
/* End PBXNativeTarget section */

/* Begin PBXProject section */
		46D5D97529E459D600EAF40B /* Project object */ = {
			isa = PBXProject;
			attributes = {
				BuildIndependentTargetsInParallel = 1;
				LastSwiftUpdateCheck = 1400;
				LastUpgradeCheck = 1400;
				TargetAttributes = {
					46D5D97C29E459D600EAF40B = {
						CreatedOnToolsVersion = 14.0.1;
					};
					46D5D99229E459D800EAF40B = {
						CreatedOnToolsVersion = 14.0.1;
						TestTargetID = 46D5D97C29E459D600EAF40B;
					};
					46D5D99C29E459D800EAF40B = {
						CreatedOnToolsVersion = 14.0.1;
						TestTargetID = 46D5D97C29E459D600EAF40B;
					};
				};
			};
			buildConfigurationList = 46D5D97829E459D600EAF40B /* Build configuration list for PBXProject "APN UIKit" */;
			compatibilityVersion = "Xcode 14.0";
			developmentRegion = en;
			hasScannedForEncodings = 0;
			knownRegions = (
				en,
				Base,
			);
			mainGroup = 46D5D97429E459D600EAF40B;
			productRefGroup = 46D5D97E29E459D600EAF40B /* Products */;
			projectDirPath = "";
			projectRoot = "";
			targets = (
				46D5D97C29E459D600EAF40B /* APN UIKit */,
				46D5D99229E459D800EAF40B /* APN UIKitTests */,
				46D5D99C29E459D800EAF40B /* APN UIKitUITests */,
			);
		};
/* End PBXProject section */

/* Begin PBXResourcesBuildPhase section */
		46D5D97B29E459D600EAF40B /* Resources */ = {
			isa = PBXResourcesBuildPhase;
			buildActionMask = 2147483647;
			files = (
				46D5D98D29E459D800EAF40B /* LaunchScreen.storyboard in Resources */,
				46D5D98A29E459D800EAF40B /* Assets.xcassets in Resources */,
				46D5D98829E459D600EAF40B /* Main.storyboard in Resources */,
			);
			runOnlyForDeploymentPostprocessing = 0;
		};
		46D5D99129E459D800EAF40B /* Resources */ = {
			isa = PBXResourcesBuildPhase;
			buildActionMask = 2147483647;
			files = (
			);
			runOnlyForDeploymentPostprocessing = 0;
		};
		46D5D99B29E459D800EAF40B /* Resources */ = {
			isa = PBXResourcesBuildPhase;
			buildActionMask = 2147483647;
			files = (
			);
			runOnlyForDeploymentPostprocessing = 0;
		};
/* End PBXResourcesBuildPhase section */

/* Begin PBXSourcesBuildPhase section */
		46D5D97929E459D600EAF40B /* Sources */ = {
			isa = PBXSourcesBuildPhase;
			buildActionMask = 2147483647;
			files = (
				46D5D9B229E56E0E00EAF40B /* LoginViewController.swift in Sources */,
				46D5D98529E459D600EAF40B /* ViewController.swift in Sources */,
				46D5D98129E459D600EAF40B /* AppDelegate.swift in Sources */,
				46D5D98329E459D600EAF40B /* SceneDelegate.swift in Sources */,
				46D5D9B529E5710E00EAF40B /* ThemeButton.swift in Sources */,
			);
			runOnlyForDeploymentPostprocessing = 0;
		};
		46D5D98F29E459D800EAF40B /* Sources */ = {
			isa = PBXSourcesBuildPhase;
			buildActionMask = 2147483647;
			files = (
				46D5D99829E459D800EAF40B /* APN_UIKitTests.swift in Sources */,
			);
			runOnlyForDeploymentPostprocessing = 0;
		};
		46D5D99929E459D800EAF40B /* Sources */ = {
			isa = PBXSourcesBuildPhase;
			buildActionMask = 2147483647;
			files = (
				46D5D9A229E459D800EAF40B /* APN_UIKitUITests.swift in Sources */,
				46D5D9A429E459D800EAF40B /* APN_UIKitUITestsLaunchTests.swift in Sources */,
			);
			runOnlyForDeploymentPostprocessing = 0;
		};
/* End PBXSourcesBuildPhase section */

/* Begin PBXTargetDependency section */
		46D5D99529E459D800EAF40B /* PBXTargetDependency */ = {
			isa = PBXTargetDependency;
			target = 46D5D97C29E459D600EAF40B /* APN UIKit */;
			targetProxy = 46D5D99429E459D800EAF40B /* PBXContainerItemProxy */;
		};
		46D5D99F29E459D800EAF40B /* PBXTargetDependency */ = {
			isa = PBXTargetDependency;
			target = 46D5D97C29E459D600EAF40B /* APN UIKit */;
			targetProxy = 46D5D99E29E459D800EAF40B /* PBXContainerItemProxy */;
		};
/* End PBXTargetDependency section */

/* Begin PBXVariantGroup section */
		46D5D98629E459D600EAF40B /* Main.storyboard */ = {
			isa = PBXVariantGroup;
			children = (
				46D5D98729E459D600EAF40B /* Base */,
			);
			name = Main.storyboard;
			sourceTree = "<group>";
		};
		46D5D98B29E459D800EAF40B /* LaunchScreen.storyboard */ = {
			isa = PBXVariantGroup;
			children = (
				46D5D98C29E459D800EAF40B /* Base */,
			);
			name = LaunchScreen.storyboard;
			sourceTree = "<group>";
		};
/* End PBXVariantGroup section */

/* Begin XCBuildConfiguration section */
		46D5D9A529E459D800EAF40B /* Debug */ = {
			isa = XCBuildConfiguration;
			buildSettings = {
				ALWAYS_SEARCH_USER_PATHS = NO;
				CLANG_ANALYZER_NONNULL = YES;
				CLANG_ANALYZER_NUMBER_OBJECT_CONVERSION = YES_AGGRESSIVE;
				CLANG_CXX_LANGUAGE_STANDARD = "gnu++20";
				CLANG_ENABLE_MODULES = YES;
				CLANG_ENABLE_OBJC_ARC = YES;
				CLANG_ENABLE_OBJC_WEAK = YES;
				CLANG_WARN_BLOCK_CAPTURE_AUTORELEASING = YES;
				CLANG_WARN_BOOL_CONVERSION = YES;
				CLANG_WARN_COMMA = YES;
				CLANG_WARN_CONSTANT_CONVERSION = YES;
				CLANG_WARN_DEPRECATED_OBJC_IMPLEMENTATIONS = YES;
				CLANG_WARN_DIRECT_OBJC_ISA_USAGE = YES_ERROR;
				CLANG_WARN_DOCUMENTATION_COMMENTS = YES;
				CLANG_WARN_EMPTY_BODY = YES;
				CLANG_WARN_ENUM_CONVERSION = YES;
				CLANG_WARN_INFINITE_RECURSION = YES;
				CLANG_WARN_INT_CONVERSION = YES;
				CLANG_WARN_NON_LITERAL_NULL_CONVERSION = YES;
				CLANG_WARN_OBJC_IMPLICIT_RETAIN_SELF = YES;
				CLANG_WARN_OBJC_LITERAL_CONVERSION = YES;
				CLANG_WARN_OBJC_ROOT_CLASS = YES_ERROR;
				CLANG_WARN_QUOTED_INCLUDE_IN_FRAMEWORK_HEADER = YES;
				CLANG_WARN_RANGE_LOOP_ANALYSIS = YES;
				CLANG_WARN_STRICT_PROTOTYPES = YES;
				CLANG_WARN_SUSPICIOUS_MOVE = YES;
				CLANG_WARN_UNGUARDED_AVAILABILITY = YES_AGGRESSIVE;
				CLANG_WARN_UNREACHABLE_CODE = YES;
				CLANG_WARN__DUPLICATE_METHOD_MATCH = YES;
				COPY_PHASE_STRIP = NO;
				DEBUG_INFORMATION_FORMAT = dwarf;
				ENABLE_STRICT_OBJC_MSGSEND = YES;
				ENABLE_TESTABILITY = YES;
				GCC_C_LANGUAGE_STANDARD = gnu11;
				GCC_DYNAMIC_NO_PIC = NO;
				GCC_NO_COMMON_BLOCKS = YES;
				GCC_OPTIMIZATION_LEVEL = 0;
				GCC_PREPROCESSOR_DEFINITIONS = (
					"DEBUG=1",
					"$(inherited)",
				);
				GCC_WARN_64_TO_32_BIT_CONVERSION = YES;
				GCC_WARN_ABOUT_RETURN_TYPE = YES_ERROR;
				GCC_WARN_UNDECLARED_SELECTOR = YES;
				GCC_WARN_UNINITIALIZED_AUTOS = YES_AGGRESSIVE;
				GCC_WARN_UNUSED_FUNCTION = YES;
				GCC_WARN_UNUSED_VARIABLE = YES;
				IPHONEOS_DEPLOYMENT_TARGET = 16.0;
				MTL_ENABLE_DEBUG_INFO = INCLUDE_SOURCE;
				MTL_FAST_MATH = YES;
				ONLY_ACTIVE_ARCH = YES;
				SDKROOT = iphoneos;
				SWIFT_ACTIVE_COMPILATION_CONDITIONS = DEBUG;
				SWIFT_OPTIMIZATION_LEVEL = "-Onone";
			};
			name = Debug;
		};
		46D5D9A629E459D800EAF40B /* Release */ = {
			isa = XCBuildConfiguration;
			buildSettings = {
				ALWAYS_SEARCH_USER_PATHS = NO;
				CLANG_ANALYZER_NONNULL = YES;
				CLANG_ANALYZER_NUMBER_OBJECT_CONVERSION = YES_AGGRESSIVE;
				CLANG_CXX_LANGUAGE_STANDARD = "gnu++20";
				CLANG_ENABLE_MODULES = YES;
				CLANG_ENABLE_OBJC_ARC = YES;
				CLANG_ENABLE_OBJC_WEAK = YES;
				CLANG_WARN_BLOCK_CAPTURE_AUTORELEASING = YES;
				CLANG_WARN_BOOL_CONVERSION = YES;
				CLANG_WARN_COMMA = YES;
				CLANG_WARN_CONSTANT_CONVERSION = YES;
				CLANG_WARN_DEPRECATED_OBJC_IMPLEMENTATIONS = YES;
				CLANG_WARN_DIRECT_OBJC_ISA_USAGE = YES_ERROR;
				CLANG_WARN_DOCUMENTATION_COMMENTS = YES;
				CLANG_WARN_EMPTY_BODY = YES;
				CLANG_WARN_ENUM_CONVERSION = YES;
				CLANG_WARN_INFINITE_RECURSION = YES;
				CLANG_WARN_INT_CONVERSION = YES;
				CLANG_WARN_NON_LITERAL_NULL_CONVERSION = YES;
				CLANG_WARN_OBJC_IMPLICIT_RETAIN_SELF = YES;
				CLANG_WARN_OBJC_LITERAL_CONVERSION = YES;
				CLANG_WARN_OBJC_ROOT_CLASS = YES_ERROR;
				CLANG_WARN_QUOTED_INCLUDE_IN_FRAMEWORK_HEADER = YES;
				CLANG_WARN_RANGE_LOOP_ANALYSIS = YES;
				CLANG_WARN_STRICT_PROTOTYPES = YES;
				CLANG_WARN_SUSPICIOUS_MOVE = YES;
				CLANG_WARN_UNGUARDED_AVAILABILITY = YES_AGGRESSIVE;
				CLANG_WARN_UNREACHABLE_CODE = YES;
				CLANG_WARN__DUPLICATE_METHOD_MATCH = YES;
				COPY_PHASE_STRIP = NO;
				DEBUG_INFORMATION_FORMAT = "dwarf-with-dsym";
				ENABLE_NS_ASSERTIONS = NO;
				ENABLE_STRICT_OBJC_MSGSEND = YES;
				GCC_C_LANGUAGE_STANDARD = gnu11;
				GCC_NO_COMMON_BLOCKS = YES;
				GCC_WARN_64_TO_32_BIT_CONVERSION = YES;
				GCC_WARN_ABOUT_RETURN_TYPE = YES_ERROR;
				GCC_WARN_UNDECLARED_SELECTOR = YES;
				GCC_WARN_UNINITIALIZED_AUTOS = YES_AGGRESSIVE;
				GCC_WARN_UNUSED_FUNCTION = YES;
				GCC_WARN_UNUSED_VARIABLE = YES;
				IPHONEOS_DEPLOYMENT_TARGET = 16.0;
				MTL_ENABLE_DEBUG_INFO = NO;
				MTL_FAST_MATH = YES;
				SDKROOT = iphoneos;
				SWIFT_COMPILATION_MODE = wholemodule;
				SWIFT_OPTIMIZATION_LEVEL = "-O";
				VALIDATE_PRODUCT = YES;
			};
			name = Release;
		};
		46D5D9A829E459D800EAF40B /* Debug */ = {
			isa = XCBuildConfiguration;
			buildSettings = {
				ASSETCATALOG_COMPILER_APPICON_NAME = AppIcon;
				ASSETCATALOG_COMPILER_GLOBAL_ACCENT_COLOR_NAME = AccentColor;
				CODE_SIGN_STYLE = Automatic;
				CURRENT_PROJECT_VERSION = 1;
				GENERATE_INFOPLIST_FILE = YES;
				INFOPLIST_FILE = "APN UIKit/Info.plist";
				INFOPLIST_KEY_UIApplicationSupportsIndirectInputEvents = YES;
				INFOPLIST_KEY_UILaunchStoryboardName = LaunchScreen;
				INFOPLIST_KEY_UIMainStoryboardFile = Main;
				INFOPLIST_KEY_UISupportedInterfaceOrientations_iPad = "UIInterfaceOrientationPortrait UIInterfaceOrientationPortraitUpsideDown UIInterfaceOrientationLandscapeLeft UIInterfaceOrientationLandscapeRight";
				INFOPLIST_KEY_UISupportedInterfaceOrientations_iPhone = "UIInterfaceOrientationPortrait UIInterfaceOrientationLandscapeLeft UIInterfaceOrientationLandscapeRight";
				LD_RUNPATH_SEARCH_PATHS = (
					"$(inherited)",
					"@executable_path/Frameworks",
				);
				MARKETING_VERSION = 1.0;
				PRODUCT_BUNDLE_IDENTIFIER = "io.customer.ios-sample.apn-spm.APN-UIKit";
				PRODUCT_NAME = "$(TARGET_NAME)";
				SWIFT_EMIT_LOC_STRINGS = YES;
				SWIFT_VERSION = 5.0;
				TARGETED_DEVICE_FAMILY = "1,2";
			};
			name = Debug;
		};
		46D5D9A929E459D800EAF40B /* Release */ = {
			isa = XCBuildConfiguration;
			buildSettings = {
				ASSETCATALOG_COMPILER_APPICON_NAME = AppIcon;
				ASSETCATALOG_COMPILER_GLOBAL_ACCENT_COLOR_NAME = AccentColor;
				CODE_SIGN_STYLE = Automatic;
				CURRENT_PROJECT_VERSION = 1;
				GENERATE_INFOPLIST_FILE = YES;
				INFOPLIST_FILE = "APN UIKit/Info.plist";
				INFOPLIST_KEY_UIApplicationSupportsIndirectInputEvents = YES;
				INFOPLIST_KEY_UILaunchStoryboardName = LaunchScreen;
				INFOPLIST_KEY_UIMainStoryboardFile = Main;
				INFOPLIST_KEY_UISupportedInterfaceOrientations_iPad = "UIInterfaceOrientationPortrait UIInterfaceOrientationPortraitUpsideDown UIInterfaceOrientationLandscapeLeft UIInterfaceOrientationLandscapeRight";
				INFOPLIST_KEY_UISupportedInterfaceOrientations_iPhone = "UIInterfaceOrientationPortrait UIInterfaceOrientationLandscapeLeft UIInterfaceOrientationLandscapeRight";
				LD_RUNPATH_SEARCH_PATHS = (
					"$(inherited)",
					"@executable_path/Frameworks",
				);
				MARKETING_VERSION = 1.0;
				PRODUCT_BUNDLE_IDENTIFIER = "io.customer.ios-sample.apn-spm.APN-UIKit";
				PRODUCT_NAME = "$(TARGET_NAME)";
				SWIFT_EMIT_LOC_STRINGS = YES;
				SWIFT_VERSION = 5.0;
				TARGETED_DEVICE_FAMILY = "1,2";
			};
			name = Release;
		};
		46D5D9AB29E459D800EAF40B /* Debug */ = {
			isa = XCBuildConfiguration;
			buildSettings = {
				ALWAYS_EMBED_SWIFT_STANDARD_LIBRARIES = YES;
				BUNDLE_LOADER = "$(TEST_HOST)";
				CODE_SIGN_STYLE = Automatic;
				CURRENT_PROJECT_VERSION = 1;
				GENERATE_INFOPLIST_FILE = YES;
				IPHONEOS_DEPLOYMENT_TARGET = 16.0;
				MARKETING_VERSION = 1.0;
				PRODUCT_BUNDLE_IDENTIFIER = "io.customer.ios-sample.apn-spm.APN-UIKitTests";
				PRODUCT_NAME = "$(TARGET_NAME)";
				SWIFT_EMIT_LOC_STRINGS = NO;
				SWIFT_VERSION = 5.0;
				TARGETED_DEVICE_FAMILY = "1,2";
				TEST_HOST = "$(BUILT_PRODUCTS_DIR)/APN UIKit.app/$(BUNDLE_EXECUTABLE_FOLDER_PATH)/APN UIKit";
			};
			name = Debug;
		};
		46D5D9AC29E459D800EAF40B /* Release */ = {
			isa = XCBuildConfiguration;
			buildSettings = {
				ALWAYS_EMBED_SWIFT_STANDARD_LIBRARIES = YES;
				BUNDLE_LOADER = "$(TEST_HOST)";
				CODE_SIGN_STYLE = Automatic;
				CURRENT_PROJECT_VERSION = 1;
				GENERATE_INFOPLIST_FILE = YES;
				IPHONEOS_DEPLOYMENT_TARGET = 16.0;
				MARKETING_VERSION = 1.0;
				PRODUCT_BUNDLE_IDENTIFIER = "io.customer.ios-sample.apn-spm.APN-UIKitTests";
				PRODUCT_NAME = "$(TARGET_NAME)";
				SWIFT_EMIT_LOC_STRINGS = NO;
				SWIFT_VERSION = 5.0;
				TARGETED_DEVICE_FAMILY = "1,2";
				TEST_HOST = "$(BUILT_PRODUCTS_DIR)/APN UIKit.app/$(BUNDLE_EXECUTABLE_FOLDER_PATH)/APN UIKit";
			};
			name = Release;
		};
		46D5D9AE29E459D800EAF40B /* Debug */ = {
			isa = XCBuildConfiguration;
			buildSettings = {
				ALWAYS_EMBED_SWIFT_STANDARD_LIBRARIES = YES;
				CODE_SIGN_STYLE = Automatic;
				CURRENT_PROJECT_VERSION = 1;
				GENERATE_INFOPLIST_FILE = YES;
				MARKETING_VERSION = 1.0;
				PRODUCT_BUNDLE_IDENTIFIER = "io.customer.ios-sample.apn-spm.APN-UIKitUITests";
				PRODUCT_NAME = "$(TARGET_NAME)";
				SWIFT_EMIT_LOC_STRINGS = NO;
				SWIFT_VERSION = 5.0;
				TARGETED_DEVICE_FAMILY = "1,2";
				TEST_TARGET_NAME = "APN UIKit";
			};
			name = Debug;
		};
		46D5D9AF29E459D800EAF40B /* Release */ = {
			isa = XCBuildConfiguration;
			buildSettings = {
				ALWAYS_EMBED_SWIFT_STANDARD_LIBRARIES = YES;
				CODE_SIGN_STYLE = Automatic;
				CURRENT_PROJECT_VERSION = 1;
				GENERATE_INFOPLIST_FILE = YES;
				MARKETING_VERSION = 1.0;
				PRODUCT_BUNDLE_IDENTIFIER = "io.customer.ios-sample.apn-spm.APN-UIKitUITests";
				PRODUCT_NAME = "$(TARGET_NAME)";
				SWIFT_EMIT_LOC_STRINGS = NO;
				SWIFT_VERSION = 5.0;
				TARGETED_DEVICE_FAMILY = "1,2";
				TEST_TARGET_NAME = "APN UIKit";
			};
			name = Release;
		};
/* End XCBuildConfiguration section */

/* Begin XCConfigurationList section */
		46D5D97829E459D600EAF40B /* Build configuration list for PBXProject "APN UIKit" */ = {
			isa = XCConfigurationList;
			buildConfigurations = (
				46D5D9A529E459D800EAF40B /* Debug */,
				46D5D9A629E459D800EAF40B /* Release */,
			);
			defaultConfigurationIsVisible = 0;
			defaultConfigurationName = Release;
		};
		46D5D9A729E459D800EAF40B /* Build configuration list for PBXNativeTarget "APN UIKit" */ = {
			isa = XCConfigurationList;
			buildConfigurations = (
				46D5D9A829E459D800EAF40B /* Debug */,
				46D5D9A929E459D800EAF40B /* Release */,
			);
			defaultConfigurationIsVisible = 0;
			defaultConfigurationName = Release;
		};
		46D5D9AA29E459D800EAF40B /* Build configuration list for PBXNativeTarget "APN UIKitTests" */ = {
			isa = XCConfigurationList;
			buildConfigurations = (
				46D5D9AB29E459D800EAF40B /* Debug */,
				46D5D9AC29E459D800EAF40B /* Release */,
			);
			defaultConfigurationIsVisible = 0;
			defaultConfigurationName = Release;
		};
		46D5D9AD29E459D800EAF40B /* Build configuration list for PBXNativeTarget "APN UIKitUITests" */ = {
			isa = XCConfigurationList;
			buildConfigurations = (
				46D5D9AE29E459D800EAF40B /* Debug */,
				46D5D9AF29E459D800EAF40B /* Release */,
			);
			defaultConfigurationIsVisible = 0;
			defaultConfigurationName = Release;
		};
/* End XCConfigurationList section */
	};
	rootObject = 46D5D97529E459D600EAF40B /* Project object */;
}
